// !$*UTF8*$!
{
	archiveVersion = 1;
	classes = {
	};
	objectVersion = 46;
	objects = {

/* Begin PBXBuildFile section */
		3B2277A46C066F967F1EA5E4 /* wadscript.c in Sources */ = {isa = PBXBuildFile; fileRef = 4E63198C7489493EDB903FCC /* wadscript.c */; };
		50849D04827DE7B6FC5D2344 /* bspfile.c in Sources */ = {isa = PBXBuildFile; fileRef = 5ACDF56CB15B5FDE89D473AC /* bspfile.c */; };
		60FC8F84F6734EB6650FA5C4 /* textfile.c in Sources */ = {isa = PBXBuildFile; fileRef = E15208EC10E3D7DEEBF1172C /* textfile.c */; };
		6DB6EAAA9FB0355C198F70EA /* polygon.c in Sources */ = {isa = PBXBuildFile; fileRef = CFDFD3B2266D3E24FEE651F2 /* polygon.c */; };
		78667B8C71CC7CFE6567D9CC /* main.c in Sources */ = {isa = PBXBuildFile; fileRef = 6E0F7DF4115B07262C2BD434 /* main.c */; };
		B5D7FC60033AF2927959F2A0 /* vector.c in Sources */ = {isa = PBXBuildFile; fileRef = 07619008F24DB5FA3A337E48 /* vector.c */; };
		C95F11C88CCAD37ACB6E7808 /* gfile.c in Sources */ = {isa = PBXBuildFile; fileRef = 87D1A5F08137A76274D30430 /* gfile.c */; };
/* End PBXBuildFile section */

/* Begin PBXFileReference section */
		07619008F24DB5FA3A337E48 /* vector.c */ = {isa = PBXFileReference; lastKnownFileType = sourcecode.c.c; name = vector.c; path = ../common/vector.c; sourceTree = "<group>"; };
		121E5DB012D15AA286B32BF0 /* defs.h */ = {isa = PBXFileReference; lastKnownFileType = sourcecode.c.h; name = defs.h; path = ../common/defs.h; sourceTree = "<group>"; };
		124B5CF2FD3782E4451D4B32 /* vector.h */ = {isa = PBXFileReference; lastKnownFileType = sourcecode.c.h; name = vector.h; path = ../common/vector.h; sourceTree = "<group>"; };
		2CB3ED3C834157AE5BBA6B7C /* polygon.h */ = {isa = PBXFileReference; lastKnownFileType = sourcecode.c.h; name = polygon.h; path = ../common/polygon.h; sourceTree = "<group>"; };
		4B817BF671A7ABA8D8AEA236 /* wadscript.h */ = {isa = PBXFileReference; lastKnownFileType = sourcecode.c.h; name = wadscript.h; path = wadscript.h; sourceTree = "<group>"; };
		4E63198C7489493EDB903FCC /* wadscript.c */ = {isa = PBXFileReference; lastKnownFileType = sourcecode.c.c; name = wadscript.c; path = wadscript.c; sourceTree = "<group>"; };
		5ACDF56CB15B5FDE89D473AC /* bspfile.c */ = {isa = PBXFileReference; lastKnownFileType = sourcecode.c.c; name = bspfile.c; path = ../common/bspfile.c; sourceTree = "<group>"; };
		6D6C0A1CBFF2350E9236985C /* Awol */ = {isa = PBXFileReference; explicitFileType = "compiled.mach-o.executable"; includeInIndex = 0; name = Awol; path = Awol; sourceTree = BUILT_PRODUCTS_DIR; };
		6E0F7DF4115B07262C2BD434 /* main.c */ = {isa = PBXFileReference; lastKnownFileType = sourcecode.c.c; name = main.c; path = main.c; sourceTree = "<group>"; };
		71383A3A6A9E3BAC5E39987A /* gfile.h */ = {isa = PBXFileReference; lastKnownFileType = sourcecode.c.h; name = gfile.h; path = ../common/gfile.h; sourceTree = "<group>"; };
		87D1A5F08137A76274D30430 /* gfile.c */ = {isa = PBXFileReference; lastKnownFileType = sourcecode.c.c; name = gfile.c; path = ../common/gfile.c; sourceTree = "<group>"; };
		93C897ECEA56025EC2CF162C /* mapdefs.h */ = {isa = PBXFileReference; lastKnownFileType = sourcecode.c.h; name = mapdefs.h; path = ../common/mapdefs.h; sourceTree = "<group>"; };
		B7A20EF60E2F7968E6A88D36 /* bspfile.h */ = {isa = PBXFileReference; lastKnownFileType = sourcecode.c.h; name = bspfile.h; path = ../common/bspfile.h; sourceTree = "<group>"; };
		CD5A0316FCEBD208D7F91156 /* textfile.h */ = {isa = PBXFileReference; lastKnownFileType = sourcecode.c.h; name = textfile.h; path = ../common/textfile.h; sourceTree = "<group>"; };
		CFDFD3B2266D3E24FEE651F2 /* polygon.c */ = {isa = PBXFileReference; lastKnownFileType = sourcecode.c.c; name = polygon.c; path = ../common/polygon.c; sourceTree = "<group>"; };
		E15208EC10E3D7DEEBF1172C /* textfile.c */ = {isa = PBXFileReference; lastKnownFileType = sourcecode.c.c; name = textfile.c; path = ../common/textfile.c; sourceTree = "<group>"; };
/* End PBXFileReference section */

/* Begin PBXFrameworksBuildPhase section */
		1D55518C8767D37E2092BFCC /* Frameworks */ = {
			isa = PBXFrameworksBuildPhase;
			buildActionMask = 2147483647;
			files = (
			);
			runOnlyForDeploymentPostprocessing = 0;
		};
/* End PBXFrameworksBuildPhase section */

/* Begin PBXCopyFilesBuildPhase section */
		9DBB34F8D675FB6A660D3338 /* Embed Libraries */ = {
			isa = PBXCopyFilesBuildPhase;
			buildActionMask = 2147483647;
			dstPath = "";
			dstSubfolderSpec = 10;
			files = (
			);
			name = "Embed Libraries";
			runOnlyForDeploymentPostprocessing = 0;
		};
/* End PBXCopyFilesBuildPhase section */

/* Begin PBXGroup section */
		22B26E7393F91CA521EB64B3 /* Awol */ = {
			isa = PBXGroup;
			children = (
				9660399A39ABC2CC547C8FDA /* common */,
				6E0F7DF4115B07262C2BD434 /* main.c */,
				4E63198C7489493EDB903FCC /* wadscript.c */,
				4B817BF671A7ABA8D8AEA236 /* wadscript.h */,
				A6C936B49B3FADE6EA134CF4 /* Products */,
			);
			name = Awol;
			sourceTree = "<group>";
		};
		9660399A39ABC2CC547C8FDA /* common */ = {
			isa = PBXGroup;
			children = (
				5ACDF56CB15B5FDE89D473AC /* bspfile.c */,
				B7A20EF60E2F7968E6A88D36 /* bspfile.h */,
				121E5DB012D15AA286B32BF0 /* defs.h */,
				87D1A5F08137A76274D30430 /* gfile.c */,
				71383A3A6A9E3BAC5E39987A /* gfile.h */,
				93C897ECEA56025EC2CF162C /* mapdefs.h */,
				CFDFD3B2266D3E24FEE651F2 /* polygon.c */,
				2CB3ED3C834157AE5BBA6B7C /* polygon.h */,
				E15208EC10E3D7DEEBF1172C /* textfile.c */,
				CD5A0316FCEBD208D7F91156 /* textfile.h */,
				07619008F24DB5FA3A337E48 /* vector.c */,
				124B5CF2FD3782E4451D4B32 /* vector.h */,
			);
			name = common;
			sourceTree = "<group>";
		};
		A6C936B49B3FADE6EA134CF4 /* Products */ = {
			isa = PBXGroup;
			children = (
				6D6C0A1CBFF2350E9236985C /* Awol */,
			);
			name = Products;
			sourceTree = "<group>";
		};
/* End PBXGroup section */

/* Begin PBXNativeTarget section */
		818D0E82D1A0A334541ED4C2 /* Awol */ = {
			isa = PBXNativeTarget;
			buildConfigurationList = 0B9099EB75A31BDD0ECE082B /* Build configuration list for PBXNativeTarget "Awol" */;
			buildPhases = (
				8D3CD22CF74F541E907A406C /* Resources */,
				F6E9EB8360FC6D75FA2759C3 /* Sources */,
				1D55518C8767D37E2092BFCC /* Frameworks */,
				9DBB34F8D675FB6A660D3338 /* Embed Libraries */,
			);
			buildRules = (
			);
			dependencies = (
			);
			name = Awol;
			productInstallPath = "$(HOME)/bin";
			productName = Awol;
			productReference = 6D6C0A1CBFF2350E9236985C /* Awol */;
			productType = "com.apple.product-type.tool";
		};
/* End PBXNativeTarget section */

/* Begin PBXProject section */
		08FB7793FE84155DC02AAC07 /* Project object */ = {
			isa = PBXProject;
			buildConfigurationList = 1DEB928908733DD80010E9CD /* Build configuration list for PBXProject "Awol" */;
			compatibilityVersion = "Xcode 3.2";
			hasScannedForEncodings = 1;
			mainGroup = 22B26E7393F91CA521EB64B3 /* Awol */;
			projectDirPath = "";
			projectRoot = "";
			targets = (
				818D0E82D1A0A334541ED4C2 /* Awol */,
			);
		};
/* End PBXProject section */

/* Begin PBXResourcesBuildPhase section */
		8D3CD22CF74F541E907A406C /* Resources */ = {
			isa = PBXResourcesBuildPhase;
			buildActionMask = 2147483647;
			files = (
			);
			runOnlyForDeploymentPostprocessing = 0;
		};
/* End PBXResourcesBuildPhase section */

/* Begin PBXSourcesBuildPhase section */
		F6E9EB8360FC6D75FA2759C3 /* Sources */ = {
			isa = PBXSourcesBuildPhase;
			buildActionMask = 2147483647;
			files = (
				50849D04827DE7B6FC5D2344 /* bspfile.c in Sources */,
				C95F11C88CCAD37ACB6E7808 /* gfile.c in Sources */,
				6DB6EAAA9FB0355C198F70EA /* polygon.c in Sources */,
				60FC8F84F6734EB6650FA5C4 /* textfile.c in Sources */,
				B5D7FC60033AF2927959F2A0 /* vector.c in Sources */,
				78667B8C71CC7CFE6567D9CC /* main.c in Sources */,
				3B2277A46C066F967F1EA5E4 /* wadscript.c in Sources */,
			);
			runOnlyForDeploymentPostprocessing = 0;
		};
/* End PBXSourcesBuildPhase section */

/* Begin PBXVariantGroup section */
/* End PBXVariantGroup section */

/* Begin XCBuildConfiguration section */
		2A99926B23FF93DD179AF0AB /* Release */ = {
			isa = XCBuildConfiguration;
			buildSettings = {
				ALWAYS_SEARCH_USER_PATHS = NO;
				CONFIGURATION_BUILD_DIR = bin/Release;
				DEBUG_INFORMATION_FORMAT = "dwarf-with-dsym";
				GCC_DYNAMIC_NO_PIC = NO;
				INSTALL_PATH = /usr/local/bin;
				PRODUCT_NAME = Awol;
			};
			name = Release;
		};
		47884B1C9A0E760E6C52D95C /* Release */ = {
			isa = XCBuildConfiguration;
			buildSettings = {
				ARCHS = "$(NATIVE_ARCH_ACTUAL)";
				CONFIGURATION_BUILD_DIR = "$(SYMROOT)";
				CONFIGURATION_TEMP_DIR = "$(OBJROOT)";
				GCC_OPTIMIZATION_LEVEL = 3;
				GCC_PREPROCESSOR_DEFINITIONS = (
					NDEBUG,
				);
				GCC_SYMBOLS_PRIVATE_EXTERN = NO;
				GCC_WARN_ABOUT_RETURN_TYPE = YES;
				GCC_WARN_UNUSED_VARIABLE = YES;
				OBJROOT = obj/Release;
				ONLY_ACTIVE_ARCH = NO;
				SYMROOT = bin/Release;
			};
			name = Release;
		};
		5D2AD06295E596D4257CCEA2 /* Debug */ = {
			isa = XCBuildConfiguration;
			buildSettings = {
				ARCHS = "$(NATIVE_ARCH_ACTUAL)";
				CONFIGURATION_BUILD_DIR = "$(SYMROOT)";
				CONFIGURATION_TEMP_DIR = "$(OBJROOT)";
				COPY_PHASE_STRIP = NO;
				GCC_ENABLE_FIX_AND_CONTINUE = YES;
				GCC_OPTIMIZATION_LEVEL = 0;
				GCC_PREPROCESSOR_DEFINITIONS = (
					DEBUG,
				);
				GCC_SYMBOLS_PRIVATE_EXTERN = NO;
				GCC_WARN_ABOUT_RETURN_TYPE = YES;
				GCC_WARN_UNUSED_VARIABLE = YES;
				OBJROOT = obj/Debug;
				ONLY_ACTIVE_ARCH = YES;
				SYMROOT = bin/Debug;
			};
			name = Debug;
		};
		D43FE731D4F2E42348D4B571 /* Debug */ = {
			isa = XCBuildConfiguration;
			buildSettings = {
				ALWAYS_SEARCH_USER_PATHS = NO;
				CONFIGURATION_BUILD_DIR = bin/Debug;
				DEBUG_INFORMATION_FORMAT = "dwarf-with-dsym";
				GCC_DYNAMIC_NO_PIC = NO;
				INSTALL_PATH = /usr/local/bin;
				PRODUCT_NAME = Awol;
			};
			name = Debug;
		};
/* End XCBuildConfiguration section */

/* Begin XCConfigurationList section */
		0B9099EB75A31BDD0ECE082B /* Build configuration list for PBXNativeTarget "Awol" */ = {
			isa = XCConfigurationList;
			buildConfigurations = (
				D43FE731D4F2E42348D4B571 /* Debug */,
				2A99926B23FF93DD179AF0AB /* Release */,
			);
			defaultConfigurationIsVisible = 0;
			defaultConfigurationName = Debug;
		};
		1DEB928908733DD80010E9CD /* Build configuration list for PBXProject "Awol" */ = {
			isa = XCConfigurationList;
			buildConfigurations = (
				5D2AD06295E596D4257CCEA2 /* Debug */,
				47884B1C9A0E760E6C52D95C /* Release */,
			);
			defaultConfigurationIsVisible = 0;
			defaultConfigurationName = Debug;
		};
/* End XCConfigurationList section */
};
rootObject = 08FB7793FE84155DC02AAC07 /* Project object */;
}