<?xml version="1.0" encoding="utf-8"?>
<Project ToolsVersion="4.0" xmlns="http://schemas.microsoft.com/developer/msbuild/2003">
  <ItemGroup>
    <Filter Include="qcommon">
      <UniqueIdentifier>{7F6839ED-EB47-B888-F45F-435F60BE1EEA}</UniqueIdentifier>
    </Filter>
  </ItemGroup>
  <ItemGroup>
    <ClInclude Include="..\qcommon\BSPFILE.H">
      <Filter>qcommon</Filter>
    </ClInclude>
    <ClInclude Include="..\qcommon\CMDLIB.H">
      <Filter>qcommon</Filter>
    </ClInclude>
    <ClInclude Include="..\qcommon\DEFS.H">
      <Filter>qcommon</Filter>
    </ClInclude>
    <ClInclude Include="..\qcommon\LBMLIB.H">
      <Filter>qcommon</Filter>
    </ClInclude>
    <ClInclude Include="..\qcommon\MATHLIB.H">
      <Filter>qcommon</Filter>
    </ClInclude>
    <ClInclude Include="..\qcommon\POLYLIB.H">
      <Filter>qcommon</Filter>
    </ClInclude>
    <ClInclude Include="..\qcommon\SCRIPLIB.H">
      <Filter>qcommon</Filter>
    </ClInclude>
    <ClInclude Include="..\qcommon\THREADS.H">
      <Filter>qcommon</Filter>
    </ClInclude>
    <ClInclude Include="..\qcommon\TRILIB.H">
      <Filter>qcommon</Filter>
    </ClInclude>
    <ClInclude Include="..\qcommon\WADLIB.H">
      <Filter>qcommon</Filter>
    </ClInclude>
    <ClInclude Include="bsp5.h" />
    <ClInclude Include="map.h" />
  </ItemGroup>
  <ItemGroup>
    <ClCompile Include="..\qcommon\BSPFILE.C">
      <Filter>qcommon</Filter>
    </ClCompile>
    <ClCompile Include="..\qcommon\CMDLIB.C">
      <Filter>qcommon</Filter>
    </ClCompile>
    <ClCompile Include="..\qcommon\LBMLIB.C">
      <Filter>qcommon</Filter>
    </ClCompile>
    <ClCompile Include="..\qcommon\MATHLIB.C">
      <Filter>qcommon</Filter>
    </ClCompile>
    <ClCompile Include="..\qcommon\POLYLIB.C">
      <Filter>qcommon</Filter>
    </ClCompile>
    <ClCompile Include="..\qcommon\SCRIPLIB.C">
      <Filter>qcommon</Filter>
    </ClCompile>
    <ClCompile Include="..\qcommon\THREADS.C">
      <Filter>qcommon</Filter>
    </ClCompile>
    <ClCompile Include="..\qcommon\TRILIB.C">
      <Filter>qcommon</Filter>
    </ClCompile>
    <ClCompile Include="..\qcommon\WADLIB.C">
      <Filter>qcommon</Filter>
    </ClCompile>
    <ClCompile Include="acsg.c" />
    <ClCompile Include="brush.c" />
    <ClCompile Include="csg4.c" />
    <ClCompile Include="map.c" />
    <ClCompile Include="merge.c" />
    <ClCompile Include="nodraw.c" />
    <ClCompile Include="outside.c" />
    <ClCompile Include="portals.c" />
    <ClCompile Include="region.c" />
    <ClCompile Include="solidbsp.c" />
    <ClCompile Include="surfaces.c" />
    <ClCompile Include="tjunc.c" />
    <ClCompile Include="writebsp.c" />
  </ItemGroup>
</Project>