<?xml version="1.0" encoding="utf-8"?>
<Project ToolsVersion="4.0" xmlns="http://schemas.microsoft.com/developer/msbuild/2003">
  <ItemGroup>
    <Filter Include="Header Files">
      <UniqueIdentifier>{21EB8090-0D4E-1035-B6D3-48EBA215DCB7}</UniqueIdentifier>
    </Filter>
    <Filter Include="Source Files">
      <UniqueIdentifier>{E9C7FDCE-D52A-8D73-7EB0-C5296AF258F6}</UniqueIdentifier>
    </Filter>
  </ItemGroup>
  <ItemGroup>
    <ClInclude Include="Aegis\AssetManager.h">
      <Filter>Header Files</Filter>
    </ClInclude>
    <ClInclude Include="Aegis\AudioManager.h">
      <Filter>Header Files</Filter>
    </ClInclude>
    <ClInclude Include="Aegis\BSPMap.h">
      <Filter>Header Files</Filter>
    </ClInclude>
    <ClInclude Include="Aegis\BSPModelEntity.h">
      <Filter>Header Files</Filter>
    </ClInclude>
    <ClInclude Include="Aegis\BaseEntity.h">
      <Filter>Header Files</Filter>
    </ClInclude>
    <ClInclude Include="Aegis\BeamFX.h">
      <Filter>Header Files</Filter>
    </ClInclude>
    <ClInclude Include="Aegis\Camera.h">
      <Filter>Header Files</Filter>
    </ClInclude>
    <ClInclude Include="Aegis\Command.h">
      <Filter>Header Files</Filter>
    </ClInclude>
    <ClInclude Include="Aegis\Console.h">
      <Filter>Header Files</Filter>
    </ClInclude>
    <ClInclude Include="Aegis\DecalEntity.h">
      <Filter>Header Files</Filter>
    </ClInclude>
    <ClInclude Include="Aegis\EntityBullet.h">
      <Filter>Header Files</Filter>
    </ClInclude>
    <ClInclude Include="Aegis\Font.h">
      <Filter>Header Files</Filter>
    </ClInclude>
    <ClInclude Include="Aegis\GUI.h">
      <Filter>Header Files</Filter>
    </ClInclude>
    <ClInclude Include="Aegis\Game.h">
      <Filter>Header Files</Filter>
    </ClInclude>
    <ClInclude Include="Aegis\GruntEntity.h">
      <Filter>Header Files</Filter>
    </ClInclude>
    <ClInclude Include="Aegis\GuiWindow.h">
      <Filter>Header Files</Filter>
    </ClInclude>
    <ClInclude Include="Aegis\IllusionaryEntity.h">
      <Filter>Header Files</Filter>
    </ClInclude>
    <ClInclude Include="Aegis\LaserEntity.h">
      <Filter>Header Files</Filter>
    </ClInclude>
    <ClInclude Include="Aegis\Light.h">
      <Filter>Header Files</Filter>
    </ClInclude>
    <ClInclude Include="Aegis\Mat3x4.h">
      <Filter>Header Files</Filter>
    </ClInclude>
    <ClInclude Include="Aegis\MonsterEntity.h">
      <Filter>Header Files</Filter>
    </ClInclude>
    <ClInclude Include="Aegis\Mpeg3.h">
      <Filter>Header Files</Filter>
    </ClInclude>
    <ClInclude Include="Aegis\OpenGL.h">
      <Filter>Header Files</Filter>
    </ClInclude>
    <ClInclude Include="Aegis\PlayerEntity.h">
      <Filter>Header Files</Filter>
    </ClInclude>
    <ClInclude Include="Aegis\Print.h">
      <Filter>Header Files</Filter>
    </ClInclude>
    <ClInclude Include="Aegis\Quaternion.h">
      <Filter>Header Files</Filter>
    </ClInclude>
    <ClInclude Include="Aegis\Renderer.h">
      <Filter>Header Files</Filter>
    </ClInclude>
    <ClInclude Include="Aegis\RotatingEntity.h">
      <Filter>Header Files</Filter>
    </ClInclude>
    <ClInclude Include="Aegis\SModel.h">
      <Filter>Header Files</Filter>
    </ClInclude>
    <ClInclude Include="Aegis\Skybox.h">
      <Filter>Header Files</Filter>
    </ClInclude>
    <ClInclude Include="Aegis\SpriteEntity.h">
      <Filter>Header Files</Filter>
    </ClInclude>
    <ClInclude Include="Aegis\Targa.h">
      <Filter>Header Files</Filter>
    </ClInclude>
    <ClInclude Include="Aegis\TextPanel.h">
      <Filter>Header Files</Filter>
    </ClInclude>
    <ClInclude Include="Aegis\TrueTypeFont.h">
      <Filter>Header Files</Filter>
    </ClInclude>
    <ClInclude Include="Aegis\Wad.h">
      <Filter>Header Files</Filter>
    </ClInclude>
    <ClInclude Include="Aegis\WallEntity.h">
      <Filter>Header Files</Filter>
    </ClInclude>
    <ClInclude Include="Aegis\Waveform.h">
      <Filter>Header Files</Filter>
    </ClInclude>
    <ClInclude Include="Aegis\Window.h">
      <Filter>Header Files</Filter>
    </ClInclude>
    <ClInclude Include="Aegis\binaryloader.h">
      <Filter>Header Files</Filter>
    </ClInclude>
    <ClInclude Include="Aegis\collision.h">
      <Filter>Header Files</Filter>
    </ClInclude>
    <ClInclude Include="Aegis\defs.h">
      <Filter>Header Files</Filter>
    </ClInclude>
    <ClInclude Include="Aegis\loadtexture.h">
      <Filter>Header Files</Filter>
    </ClInclude>
    <ClInclude Include="Aegis\mathutils.h">
      <Filter>Header Files</Filter>
    </ClInclude>
    <ClInclude Include="Aegis\mstudioload.h">
      <Filter>Header Files</Filter>
    </ClInclude>
  </ItemGroup>
  <ItemGroup>
    <ClCompile Include="Aegis\Aegis.cpp">
      <Filter>Source Files</Filter>
    </ClCompile>
    <ClCompile Include="Aegis\AssetManager.cpp">
      <Filter>Source Files</Filter>
    </ClCompile>
    <ClCompile Include="Aegis\AudioManager.cpp">
      <Filter>Source Files</Filter>
    </ClCompile>
    <ClCompile Include="Aegis\BSPMap.cpp">
      <Filter>Source Files</Filter>
    </ClCompile>
    <ClCompile Include="Aegis\BSPModelEntity.cpp">
      <Filter>Source Files</Filter>
    </ClCompile>
    <ClCompile Include="Aegis\BaseEntity.cpp">
      <Filter>Source Files</Filter>
    </ClCompile>
    <ClCompile Include="Aegis\BeamFX.cpp">
      <Filter>Source Files</Filter>
    </ClCompile>
    <ClCompile Include="Aegis\Camera.cpp">
      <Filter>Source Files</Filter>
    </ClCompile>
    <ClCompile Include="Aegis\Command.cpp">
      <Filter>Source Files</Filter>
    </ClCompile>
    <ClCompile Include="Aegis\Console.cpp">
      <Filter>Source Files</Filter>
    </ClCompile>
    <ClCompile Include="Aegis\DecalEntity.cpp">
      <Filter>Source Files</Filter>
    </ClCompile>
    <ClCompile Include="Aegis\EntityBullet.cpp">
      <Filter>Source Files</Filter>
    </ClCompile>
    <ClCompile Include="Aegis\Font.cpp">
      <Filter>Source Files</Filter>
    </ClCompile>
    <ClCompile Include="Aegis\GUI.cpp">
      <Filter>Source Files</Filter>
    </ClCompile>
    <ClCompile Include="Aegis\Game.cpp">
      <Filter>Source Files</Filter>
    </ClCompile>
    <ClCompile Include="Aegis\GruntEntity.cpp">
      <Filter>Source Files</Filter>
    </ClCompile>
    <ClCompile Include="Aegis\GuiWindow.cpp">
      <Filter>Source Files</Filter>
    </ClCompile>
    <ClCompile Include="Aegis\IllusionaryEntity.cpp">
      <Filter>Source Files</Filter>
    </ClCompile>
    <ClCompile Include="Aegis\LaserEntity.cpp">
      <Filter>Source Files</Filter>
    </ClCompile>
    <ClCompile Include="Aegis\Light.cpp">
      <Filter>Source Files</Filter>
    </ClCompile>
    <ClCompile Include="Aegis\Mat3x4.cpp">
      <Filter>Source Files</Filter>
    </ClCompile>
    <ClCompile Include="Aegis\MonsterEntity.cpp">
      <Filter>Source Files</Filter>
    </ClCompile>
    <ClCompile Include="Aegis\Mpeg3.cpp">
      <Filter>Source Files</Filter>
    </ClCompile>
    <ClCompile Include="Aegis\OpenGL.cpp">
      <Filter>Source Files</Filter>
    </ClCompile>
    <ClCompile Include="Aegis\PlayerEntity.cpp">
      <Filter>Source Files</Filter>
    </ClCompile>
    <ClCompile Include="Aegis\Print.cpp">
      <Filter>Source Files</Filter>
    </ClCompile>
    <ClCompile Include="Aegis\Quaternion.cpp">
      <Filter>Source Files</Filter>
    </ClCompile>
    <ClCompile Include="Aegis\Renderer.cpp">
      <Filter>Source Files</Filter>
    </ClCompile>
    <ClCompile Include="Aegis\RotatingEntity.cpp">
      <Filter>Source Files</Filter>
    </ClCompile>
    <ClCompile Include="Aegis\SModel.cpp">
      <Filter>Source Files</Filter>
    </ClCompile>
    <ClCompile Include="Aegis\Skybox.cpp">
      <Filter>Source Files</Filter>
    </ClCompile>
    <ClCompile Include="Aegis\SpriteEntity.cpp">
      <Filter>Source Files</Filter>
    </ClCompile>
    <ClCompile Include="Aegis\Targa.cpp">
      <Filter>Source Files</Filter>
    </ClCompile>
    <ClCompile Include="Aegis\TextPanel.cpp">
      <Filter>Source Files</Filter>
    </ClCompile>
    <ClCompile Include="Aegis\TrueTypeFont.cpp">
      <Filter>Source Files</Filter>
    </ClCompile>
    <ClCompile Include="Aegis\Wad.cpp">
      <Filter>Source Files</Filter>
    </ClCompile>
    <ClCompile Include="Aegis\WallEntity.cpp">
      <Filter>Source Files</Filter>
    </ClCompile>
    <ClCompile Include="Aegis\Waveform.cpp">
      <Filter>Source Files</Filter>
    </ClCompile>
    <ClCompile Include="Aegis\Window.cpp">
      <Filter>Source Files</Filter>
    </ClCompile>
    <ClCompile Include="Aegis\binaryloader.cpp">
      <Filter>Source Files</Filter>
    </ClCompile>
    <ClCompile Include="Aegis\collision.cpp">
      <Filter>Source Files</Filter>
    </ClCompile>
    <ClCompile Include="Aegis\loadtexture.cpp">
      <Filter>Source Files</Filter>
    </ClCompile>
    <ClCompile Include="Aegis\mathutils.cpp">
      <Filter>Source Files</Filter>
    </ClCompile>
    <ClCompile Include="Aegis\mstudioload.cpp">
      <Filter>Source Files</Filter>
    </ClCompile>
  </ItemGroup>
</Project>