// !$*UTF8*$!
{
	archiveVersion = 1;
	classes = {
	};
	objectVersion = 46;
	objects = {

/* Begin PBXBuildFile section */
		2044AA5564934FC7A6BA8895 /* polygon.c in Sources */ = {isa = PBXBuildFile; fileRef = B135565DD301038F0FB62C9D /* polygon.c */; };
		78667B8C71CC7CFE6567D9CC /* main.c in Sources */ = {isa = PBXBuildFile; fileRef = 6E0F7DF4115B07262C2BD434 /* main.c */; };
		A38B1E539D4CDAC5D74BDC93 /* gfile.c in Sources */ = {isa = PBXBuildFile; fileRef = 75FB217BBE6C05AD030AD7BB /* gfile.c */; };
		CA6826CB3B8AC7BDF151750B /* vector.c in Sources */ = {isa = PBXBuildFile; fileRef = EC48F9731483B225FC1F3FB3 /* vector.c */; };
		DCB14CAF2CB55DE9003312AC /* bspfile.c in Sources */ = {isa = PBXBuildFile; fileRef = DCB14CAE2CB55DE9003312AC /* bspfile.c */; };
		DCDADFB32C9B3C3300F86DE7 /* bsp.c in Sources */ = {isa = PBXBuildFile; fileRef = DCDADFB22C9B3C2E00F86DE7 /* bsp.c */; };
		EA9B476F7D291161E601B5AF /* textfile.c in Sources */ = {isa = PBXBuildFile; fileRef = 496327D70CCEE9894B728E17 /* textfile.c */; };
/* End PBXBuildFile section */

/* Begin PBXCopyFilesBuildPhase section */
		BC34787F6087163172BF5EBF /* Embed Libraries */ = {
			isa = PBXCopyFilesBuildPhase;
			buildActionMask = 2147483647;
			dstPath = "";
			dstSubfolderSpec = 10;
			files = (
			);
			name = "Embed Libraries";
			runOnlyForDeploymentPostprocessing = 0;
		};
/* End PBXCopyFilesBuildPhase section */

/* Begin PBXFileReference section */
		0AFA17DB3120478D98273E1B /* defs.h */ = {isa = PBXFileReference; lastKnownFileType = sourcecode.c.h; name = defs.h; path = ../common/defs.h; sourceTree = "<group>"; };
		0F444B6312B51D959421C1A3 /* Partition */ = {isa = PBXFileReference; explicitFileType = "compiled.mach-o.executable"; includeInIndex = 0; path = Partition; sourceTree = BUILT_PRODUCTS_DIR; };
		3E9BCDC760677AF99D1CA407 /* polygon.h */ = {isa = PBXFileReference; lastKnownFileType = sourcecode.c.h; name = polygon.h; path = ../common/polygon.h; sourceTree = "<group>"; };
		496327D70CCEE9894B728E17 /* textfile.c */ = {isa = PBXFileReference; lastKnownFileType = sourcecode.c.c; name = textfile.c; path = ../common/textfile.c; sourceTree = "<group>"; };
		4E00E83D763BA0EF5DD72E7D /* vector.h */ = {isa = PBXFileReference; lastKnownFileType = sourcecode.c.h; name = vector.h; path = ../common/vector.h; sourceTree = "<group>"; };
		62031BA5AA73FFD7EF12D1E5 /* gfile.h */ = {isa = PBXFileReference; lastKnownFileType = sourcecode.c.h; name = gfile.h; path = ../common/gfile.h; sourceTree = "<group>"; };
		6E0F7DF4115B07262C2BD434 /* main.c */ = {isa = PBXFileReference; lastKnownFileType = sourcecode.c.c; path = main.c; sourceTree = "<group>"; };
		75FB217BBE6C05AD030AD7BB /* gfile.c */ = {isa = PBXFileReference; lastKnownFileType = sourcecode.c.c; name = gfile.c; path = ../common/gfile.c; sourceTree = "<group>"; };
		78493BE13BB4FD937A58A221 /* textfile.h */ = {isa = PBXFileReference; lastKnownFileType = sourcecode.c.h; name = textfile.h; path = ../common/textfile.h; sourceTree = "<group>"; };
		AFD1D977D19D86A90E52AFB7 /* mapdefs.h */ = {isa = PBXFileReference; lastKnownFileType = sourcecode.c.h; name = mapdefs.h; path = ../common/mapdefs.h; sourceTree = "<group>"; };
		B135565DD301038F0FB62C9D /* polygon.c */ = {isa = PBXFileReference; lastKnownFileType = sourcecode.c.c; name = polygon.c; path = ../common/polygon.c; sourceTree = "<group>"; };
		DCB14CAB2CB0349D003312AC /* bspfile.h */ = {isa = PBXFileReference; lastKnownFileType = sourcecode.c.h; name = bspfile.h; path = ../common/bspfile.h; sourceTree = SOURCE_ROOT; };
		DCB14CAE2CB55DE9003312AC /* bspfile.c */ = {isa = PBXFileReference; lastKnownFileType = sourcecode.c.c; name = bspfile.c; path = ../common/bspfile.c; sourceTree = SOURCE_ROOT; };
		DCDADFB12C9B27AF00F86DE7 /* map.h */ = {isa = PBXFileReference; lastKnownFileType = sourcecode.c.h; path = map.h; sourceTree = "<group>"; };
		DCDADFB22C9B3C2E00F86DE7 /* bsp.c */ = {isa = PBXFileReference; lastKnownFileType = sourcecode.c.c; path = bsp.c; sourceTree = "<group>"; };
		EC48F9731483B225FC1F3FB3 /* vector.c */ = {isa = PBXFileReference; lastKnownFileType = sourcecode.c.c; name = vector.c; path = ../common/vector.c; sourceTree = "<group>"; };
/* End PBXFileReference section */

/* Begin PBXFrameworksBuildPhase section */
		CBCA07536F15908589E65D93 /* Frameworks */ = {
			isa = PBXFrameworksBuildPhase;
			buildActionMask = 2147483647;
			files = (
			);
			runOnlyForDeploymentPostprocessing = 0;
		};
/* End PBXFrameworksBuildPhase section */

/* Begin PBXGroup section */
		9660399A39ABC2CC547C8FDA /* common */ = {
			isa = PBXGroup;
			children = (
				0AFA17DB3120478D98273E1B /* defs.h */,
				75FB217BBE6C05AD030AD7BB /* gfile.c */,
				62031BA5AA73FFD7EF12D1E5 /* gfile.h */,
				AFD1D977D19D86A90E52AFB7 /* mapdefs.h */,
				B135565DD301038F0FB62C9D /* polygon.c */,
				3E9BCDC760677AF99D1CA407 /* polygon.h */,
				496327D70CCEE9894B728E17 /* textfile.c */,
				78493BE13BB4FD937A58A221 /* textfile.h */,
				EC48F9731483B225FC1F3FB3 /* vector.c */,
				4E00E83D763BA0EF5DD72E7D /* vector.h */,
				DCB14CAB2CB0349D003312AC /* bspfile.h */,
				DCB14CAE2CB55DE9003312AC /* bspfile.c */,
			);
			name = common;
			sourceTree = "<group>";
		};
		A6C936B49B3FADE6EA134CF4 /* Products */ = {
			isa = PBXGroup;
			children = (
				0F444B6312B51D959421C1A3 /* Partition */,
			);
			name = Products;
			sourceTree = "<group>";
		};
		F7C9261A7B0E838CA456045A /* Partition */ = {
			isa = PBXGroup;
			children = (
				DCDADFB22C9B3C2E00F86DE7 /* bsp.c */,
				DCDADFB12C9B27AF00F86DE7 /* map.h */,
				9660399A39ABC2CC547C8FDA /* common */,
				6E0F7DF4115B07262C2BD434 /* main.c */,
				A6C936B49B3FADE6EA134CF4 /* Products */,
			);
			name = Partition;
			sourceTree = "<group>";
		};
/* End PBXGroup section */

/* Begin PBXNativeTarget section */
		6F2EC2E99DD516DBF7167129 /* Partition */ = {
			isa = PBXNativeTarget;
			buildConfigurationList = BA054FB25D50D8E47821A5F2 /* Build configuration list for PBXNativeTarget "Partition" */;
			buildPhases = (
				3BB187F3DEFD1125F9CDDE33 /* Resources */,
				A55EA14A48AA2A7C637AF78A /* Sources */,
				CBCA07536F15908589E65D93 /* Frameworks */,
				BC34787F6087163172BF5EBF /* Embed Libraries */,
			);
			buildRules = (
			);
			dependencies = (
			);
			name = Partition;
			productInstallPath = "$(HOME)/bin";
			productName = Partition;
			productReference = 0F444B6312B51D959421C1A3 /* Partition */;
			productType = "com.apple.product-type.tool";
		};
/* End PBXNativeTarget section */

/* Begin PBXProject section */
		08FB7793FE84155DC02AAC07 /* Project object */ = {
			isa = PBXProject;
			attributes = {
			};
			buildConfigurationList = 1DEB928908733DD80010E9CD /* Build configuration list for PBXProject "Partition" */;
			compatibilityVersion = "Xcode 3.2";
			developmentRegion = en;
			hasScannedForEncodings = 1;
			knownRegions = (
				en,
				Base,
			);
			mainGroup = F7C9261A7B0E838CA456045A /* Partition */;
			projectDirPath = "";
			projectRoot = "";
			targets = (
				6F2EC2E99DD516DBF7167129 /* Partition */,
			);
		};
/* End PBXProject section */

/* Begin PBXResourcesBuildPhase section */
		3BB187F3DEFD1125F9CDDE33 /* Resources */ = {
			isa = PBXResourcesBuildPhase;
			buildActionMask = 2147483647;
			files = (
			);
			runOnlyForDeploymentPostprocessing = 0;
		};
/* End PBXResourcesBuildPhase section */

/* Begin PBXSourcesBuildPhase section */
		A55EA14A48AA2A7C637AF78A /* Sources */ = {
			isa = PBXSourcesBuildPhase;
			buildActionMask = 2147483647;
			files = (
				A38B1E539D4CDAC5D74BDC93 /* gfile.c in Sources */,
				2044AA5564934FC7A6BA8895 /* polygon.c in Sources */,
				DCB14CAF2CB55DE9003312AC /* bspfile.c in Sources */,
				EA9B476F7D291161E601B5AF /* textfile.c in Sources */,
				DCDADFB32C9B3C3300F86DE7 /* bsp.c in Sources */,
				CA6826CB3B8AC7BDF151750B /* vector.c in Sources */,
				78667B8C71CC7CFE6567D9CC /* main.c in Sources */,
			);
			runOnlyForDeploymentPostprocessing = 0;
		};
/* End PBXSourcesBuildPhase section */

/* Begin XCBuildConfiguration section */
		7BA413E91FF6B19B322EFA29 /* Debug */ = {
			isa = XCBuildConfiguration;
			buildSettings = {
				ARCHS = "$(NATIVE_ARCH_ACTUAL)";
				CONFIGURATION_BUILD_DIR = "$(SYMROOT)";
				CONFIGURATION_TEMP_DIR = "$(OBJROOT)";
				COPY_PHASE_STRIP = NO;
				GCC_ENABLE_FIX_AND_CONTINUE = YES;
				GCC_OPTIMIZATION_LEVEL = 0;
				GCC_PREPROCESSOR_DEFINITIONS = DEBUG;
				GCC_SYMBOLS_PRIVATE_EXTERN = NO;
				GCC_WARN_ABOUT_RETURN_TYPE = YES;
				GCC_WARN_UNUSED_VARIABLE = YES;
				OBJROOT = obj/Debug;
				ONLY_ACTIVE_ARCH = YES;
				SYMROOT = bin/Debug;
			};
			name = Debug;
		};
		812D5872A968112491039EB2 /* Release */ = {
			isa = XCBuildConfiguration;
			buildSettings = {
				ALWAYS_SEARCH_USER_PATHS = NO;
				CONFIGURATION_BUILD_DIR = bin/Release;
				DEBUG_INFORMATION_FORMAT = "dwarf-with-dsym";
				GCC_DYNAMIC_NO_PIC = NO;
				INSTALL_PATH = /usr/local/bin;
				PRODUCT_NAME = Partition;
			};
			name = Release;
		};
		B54C7F78FDBD63AA425C35B8 /* Debug */ = {
			isa = XCBuildConfiguration;
			buildSettings = {
				ALWAYS_SEARCH_USER_PATHS = NO;
				CONFIGURATION_BUILD_DIR = bin/Debug;
				DEBUG_INFORMATION_FORMAT = "dwarf-with-dsym";
				GCC_DYNAMIC_NO_PIC = NO;
				INSTALL_PATH = /usr/local/bin;
				PRODUCT_NAME = Partition;
			};
			name = Debug;
		};
		E9608C63ECD15E956E3E02A3 /* Release */ = {
			isa = XCBuildConfiguration;
			buildSettings = {
				ARCHS = "$(NATIVE_ARCH_ACTUAL)";
				CONFIGURATION_BUILD_DIR = "$(SYMROOT)";
				CONFIGURATION_TEMP_DIR = "$(OBJROOT)";
				GCC_OPTIMIZATION_LEVEL = 3;
				GCC_PREPROCESSOR_DEFINITIONS = NDEBUG;
				GCC_SYMBOLS_PRIVATE_EXTERN = NO;
				GCC_WARN_ABOUT_RETURN_TYPE = YES;
				GCC_WARN_UNUSED_VARIABLE = YES;
				OBJROOT = obj/Release;
				ONLY_ACTIVE_ARCH = NO;
				SYMROOT = bin/Release;
			};
			name = Release;
		};
/* End XCBuildConfiguration section */

/* Begin XCConfigurationList section */
		1DEB928908733DD80010E9CD /* Build configuration list for PBXProject "Partition" */ = {
			isa = XCConfigurationList;
			buildConfigurations = (
				7BA413E91FF6B19B322EFA29 /* Debug */,
				E9608C63ECD15E956E3E02A3 /* Release */,
			);
			defaultConfigurationIsVisible = 0;
			defaultConfigurationName = Debug;
		};
		BA054FB25D50D8E47821A5F2 /* Build configuration list for PBXNativeTarget "Partition" */ = {
			isa = XCConfigurationList;
			buildConfigurations = (
				B54C7F78FDBD63AA425C35B8 /* Debug */,
				812D5872A968112491039EB2 /* Release */,
			);
			defaultConfigurationIsVisible = 0;
			defaultConfigurationName = Debug;
		};
/* End XCConfigurationList section */
	};
	rootObject = 08FB7793FE84155DC02AAC07 /* Project object */;
}
