// !$*UTF8*$!
{
	archiveVersion = 1;
	classes = {
	};
	objectVersion = 46;
	objects = {

/* Begin PBXBuildFile section */
		0CEA4A5406AC06C640AB0894 /* Print.cpp in Sources */ = {isa = PBXBuildFile; fileRef = 742A10BCBC9AF4EE0139C6FC /* Print.cpp */; };
		181BBFC4735D133646B75E04 /* GUI.cpp in Sources */ = {isa = PBXBuildFile; fileRef = 65A8A52C7CBB405E6CD73B6C /* GUI.cpp */; };
		196B3014BB54CC06B27BDE54 /* AudioManager.cpp in Sources */ = {isa = PBXBuildFile; fileRef = 7061097C3E845D2EC592AFBC /* AudioManager.cpp */; };
		1B4B021472B0750624BE9054 /* WallEntity.cpp in Sources */ = {isa = PBXBuildFile; fileRef = C947A97CFB40F42E75202FBC /* WallEntity.cpp */; };
		1B989D808CBB3E724281EBC0 /* BSPMap.cpp in Sources */ = {isa = PBXBuildFile; fileRef = 53EA50287C2508DA63C09668 /* BSPMap.cpp */; };
		1CA789A489CF98168B6287E4 /* TextPanel.cpp in Sources */ = {isa = PBXBuildFile; fileRef = 3ACEF70C8831ED3EFE50ED4C /* TextPanel.cpp */; };
		2478FEAA3103B11CABE87CEA /* IllusionaryEntity.cpp in Sources */ = {isa = PBXBuildFile; fileRef = 96DD8CB275FAA6E4520402F2 /* IllusionaryEntity.cpp */; };
		250724E67C6C97D82E7AB326 /* Quaternion.cpp in Sources */ = {isa = PBXBuildFile; fileRef = 4103482E72FC92E0ECDBCE6E /* Quaternion.cpp */; };
		2768B594EDF6AD065BF8D3D4 /* GruntEntity.cpp in Sources */ = {isa = PBXBuildFile; fileRef = BD1C9DFC52935D2EC12FB43C /* GruntEntity.cpp */; };
		29BAAEF0CBA44AE2C2CB5D30 /* AssetManager.cpp in Sources */ = {isa = PBXBuildFile; fileRef = 40F690980F19E44A962836D8 /* AssetManager.cpp */; };
		3D439F9AAE66408C642CEDDA /* Skybox.cpp in Sources */ = {isa = PBXBuildFile; fileRef = D027A5A2F8625E54DFFDEBE2 /* Skybox.cpp */; };
		3FC2AA6CE1AC465ED8D358AC /* TrueTypeFont.cpp in Sources */ = {isa = PBXBuildFile; fileRef = AD27DA547B4B2E0602598094 /* TrueTypeFont.cpp */; };
		40C956A2B1EBF79467B2A4E2 /* SModel.cpp in Sources */ = {isa = PBXBuildFile; fileRef = 9BFD902AC43848DCABD3D66A /* SModel.cpp */; };
		42ED0A9C097B020E777D28DC /* loadtexture.cpp in Sources */ = {isa = PBXBuildFile; fileRef = 483B5E84DDB21DB64C4E74C4 /* loadtexture.cpp */; };
		4A6E190CBB90B9FE7157674C /* Camera.cpp in Sources */ = {isa = PBXBuildFile; fileRef = E30208F40B3CC1A6F2D84F34 /* Camera.cpp */; };
		51AAC5841838BCF6863AE3C4 /* mstudioload.cpp in Sources */ = {isa = PBXBuildFile; fileRef = BA7136EC4FE7F61EBE844D2C /* mstudioload.cpp */; };
		57B1C96A517385DC8B7287AA /* Light.cpp in Sources */ = {isa = PBXBuildFile; fileRef = 5AE62772A3570BA4E7F5DDB2 /* Light.cpp */; };
		6A11A5C4DE6BEAB65C4F7404 /* RotatingEntity.cpp in Sources */ = {isa = PBXBuildFile; fileRef = 106FCE2C2299AADE568A946C /* RotatingEntity.cpp */; };
		7F00D36E20EA6F60181181AE /* PlayerEntity.cpp in Sources */ = {isa = PBXBuildFile; fileRef = ABA8D03679CC23E800DA7676 /* PlayerEntity.cpp */; };
		840EA602F136B474F2C9A442 /* OpenGL.framework in Frameworks */ = {isa = PBXBuildFile; fileRef = 19352E0A6698243CDCB7244A /* OpenGL.framework */; };
		89478404FA6A24F6B030D244 /* OpenGL.cpp in Sources */ = {isa = PBXBuildFile; fileRef = 8CB2206CB4ECD91E9C8866AC /* OpenGL.cpp */; };
		90E8FC0453A95C76B0DE3A44 /* MonsterEntity.cpp in Sources */ = {isa = PBXBuildFile; fileRef = D57A376CB9C13F9E3DAE6DAC /* MonsterEntity.cpp */; };
		9589EE8237738A742E9A9CC2 /* SpriteEntity.cpp in Sources */ = {isa = PBXBuildFile; fileRef = 71445C0A3F67AFBCC676024A /* SpriteEntity.cpp */; };
		96F00860DB3EADD21D65E6A0 /* Console.cpp in Sources */ = {isa = PBXBuildFile; fileRef = 2E334A084FFEF73A8CB42048 /* Console.cpp */; };
		9EFB1F1898BCDB8AD2BBDD58 /* Targa.cpp in Sources */ = {isa = PBXBuildFile; fileRef = 36AF2F407F201372C3BEE580 /* Targa.cpp */; };
		A77F97A018A23892CE68E5E0 /* BeamFX.cpp in Sources */ = {isa = PBXBuildFile; fileRef = BF973848E7D1F0FACF6D7E88 /* BeamFX.cpp */; };
		A7EF224A1911C33CCED8708A /* Window.cpp in Sources */ = {isa = PBXBuildFile; fileRef = C0DF1552E919CE04D0B55B92 /* Window.cpp */; };
		B01677F20B57CB64DEB21632 /* Wad.cpp in Sources */ = {isa = PBXBuildFile; fileRef = 4128A37A583B3EAC485739BA /* Wad.cpp */; };
		B92A64A27FB85C14EDBA82E2 /* LaserEntity.cpp in Sources */ = {isa = PBXBuildFile; fileRef = 1BDFC52AB156845C1FF2DB6A /* LaserEntity.cpp */; };
		BB332BF2B4F4E864EEF3EA32 /* Mpeg3.cpp in Sources */ = {isa = PBXBuildFile; fileRef = 2A660D7A72D6F1ACB775C3BA /* Mpeg3.cpp */; };
		BC9625E683241D58F1264426 /* DecalEntity.cpp in Sources */ = {isa = PBXBuildFile; fileRef = 0519F02E9A90AF60092D066E /* DecalEntity.cpp */; };
		BFB549BC30D7EAAEE69E97FC /* Mat3x4.cpp in Sources */ = {isa = PBXBuildFile; fileRef = 0C2946A43463FF561BFF8CE4 /* Mat3x4.cpp */; };
		C5AB361232D3448434663452 /* collision.cpp in Sources */ = {isa = PBXBuildFile; fileRef = 4CCF119A9A3207CC105107DA /* collision.cpp */; };
		C8470C68F92B045A0C433AA8 /* Font.cpp in Sources */ = {isa = PBXBuildFile; fileRef = DC01BA900227EA42692EE0D0 /* Font.cpp */; };
		CB094DCEFBED45C00F057C0E /* Game.cpp in Sources */ = {isa = PBXBuildFile; fileRef = 27EC1C964E124C48B51942D6 /* Game.cpp */; };
		D1CF601273B8FC046AE00E52 /* binaryloader.cpp in Sources */ = {isa = PBXBuildFile; fileRef = D3C75C9AA1EAB04C28F902DA /* binaryloader.cpp */; };
		D2DFE6B04007F522419AE4F0 /* mathutils.cpp in Sources */ = {isa = PBXBuildFile; fileRef = A914B558F677AB8A6C96AB98 /* mathutils.cpp */; };
		D619F10CCFDBAD7E09DAAF4C /* Aegis.cpp in Sources */ = {isa = PBXBuildFile; fileRef = 82EB7FF4CB5C64260FFB3634 /* Aegis.cpp */; };
		DA9C6BCA3201DEBCE40FFA0A /* BaseEntity.cpp in Sources */ = {isa = PBXBuildFile; fileRef = CF3012D201295D847B089912 /* BaseEntity.cpp */; };
		DCB14CB52CC7F7B8003312AC /* EntityBullet.cpp in Sources */ = {isa = PBXBuildFile; fileRef = DCB14CB42CC7F7B8003312AC /* EntityBullet.cpp */; };
		DCF079086F7E42FAD856E748 /* Waveform.cpp in Sources */ = {isa = PBXBuildFile; fileRef = E526C130A89282E2E7362770 /* Waveform.cpp */; };
		DDF60F2052505412D033DD60 /* BSPModelEntity.cpp in Sources */ = {isa = PBXBuildFile; fileRef = EDE5DFC8000FBC7A3400A608 /* BSPModelEntity.cpp */; };
		F0CAC1345DF2CFA65F85BF74 /* GuiWindow.cpp in Sources */ = {isa = PBXBuildFile; fileRef = BB158D9C087883CE7E9783DC /* GuiWindow.cpp */; };
		FB994BAC9D82E79E94A9F9EC /* libGLEW.2.2.0.dylib in Frameworks */ = {isa = PBXBuildFile; fileRef = A7470114756A54C6FC78A754 /* libGLEW.2.2.0.dylib */; };
		FCF3693841420EAA83694778 /* Command.cpp in Sources */ = {isa = PBXBuildFile; fileRef = D6E95160F8B4FE92356A27A0 /* Command.cpp */; };
		FE28F6A890B6C09AF98F64E8 /* Renderer.cpp in Sources */ = {isa = PBXBuildFile; fileRef = 82A374D0460F368284B2DB10 /* Renderer.cpp */; };
/* End PBXBuildFile section */

/* Begin PBXCopyFilesBuildPhase section */
		4FA2114E9FB5A6002233D78E /* Embed Libraries */ = {
			isa = PBXCopyFilesBuildPhase;
			buildActionMask = 2147483647;
			dstPath = "";
			dstSubfolderSpec = 10;
			files = (
			);
			name = "Embed Libraries";
			runOnlyForDeploymentPostprocessing = 0;
		};
/* End PBXCopyFilesBuildPhase section */

/* Begin PBXFileReference section */
		0283792A1996145C09B20F6A /* Targa.h */ = {isa = PBXFileReference; lastKnownFileType = sourcecode.c.h; name = Targa.h; path = Aegis/Targa.h; sourceTree = "<group>"; };
		0415DBAE2A3C0B60914301EE /* Mat3x4.h */ = {isa = PBXFileReference; lastKnownFileType = sourcecode.c.h; name = Mat3x4.h; path = Aegis/Mat3x4.h; sourceTree = "<group>"; };
		0519F02E9A90AF60092D066E /* DecalEntity.cpp */ = {isa = PBXFileReference; lastKnownFileType = sourcecode.cpp.cpp; name = DecalEntity.cpp; path = Aegis/DecalEntity.cpp; sourceTree = "<group>"; };
		0C2946A43463FF561BFF8CE4 /* Mat3x4.cpp */ = {isa = PBXFileReference; lastKnownFileType = sourcecode.cpp.cpp; name = Mat3x4.cpp; path = Aegis/Mat3x4.cpp; sourceTree = "<group>"; };
		106FCE2C2299AADE568A946C /* RotatingEntity.cpp */ = {isa = PBXFileReference; lastKnownFileType = sourcecode.cpp.cpp; name = RotatingEntity.cpp; path = Aegis/RotatingEntity.cpp; sourceTree = "<group>"; };
		1730535C5B44248E4F15A99C /* IllusionaryEntity.h */ = {isa = PBXFileReference; lastKnownFileType = sourcecode.c.h; name = IllusionaryEntity.h; path = Aegis/IllusionaryEntity.h; sourceTree = "<group>"; };
		19352E0A6698243CDCB7244A /* OpenGL.framework */ = {isa = PBXFileReference; lastKnownFileType = wrapper.framework; name = OpenGL.framework; path = System/Library/Frameworks/OpenGL.framework; sourceTree = SDKROOT; };
		19461BB23F6C4B64A67341F2 /* BSPMap.h */ = {isa = PBXFileReference; lastKnownFileType = sourcecode.c.h; name = BSPMap.h; path = Aegis/BSPMap.h; sourceTree = "<group>"; };
		1BDFC52AB156845C1FF2DB6A /* LaserEntity.cpp */ = {isa = PBXFileReference; lastKnownFileType = sourcecode.cpp.cpp; name = LaserEntity.cpp; path = Aegis/LaserEntity.cpp; sourceTree = "<group>"; };
		1DE55FFE440B8FB0AB12863E /* Camera.h */ = {isa = PBXFileReference; lastKnownFileType = sourcecode.c.h; name = Camera.h; path = Aegis/Camera.h; sourceTree = "<group>"; };
		1FD2B76C45F8E71EACFFDDAC /* Skybox.h */ = {isa = PBXFileReference; lastKnownFileType = sourcecode.c.h; name = Skybox.h; path = Aegis/Skybox.h; sourceTree = "<group>"; };
		2145069C3857A1CE28739CDC /* Light.h */ = {isa = PBXFileReference; lastKnownFileType = sourcecode.c.h; name = Light.h; path = Aegis/Light.h; sourceTree = "<group>"; };
		27EC1C964E124C48B51942D6 /* Game.cpp */ = {isa = PBXFileReference; lastKnownFileType = sourcecode.cpp.cpp; name = Game.cpp; path = Aegis/Game.cpp; sourceTree = "<group>"; };
		2A660D7A72D6F1ACB775C3BA /* Mpeg3.cpp */ = {isa = PBXFileReference; lastKnownFileType = sourcecode.cpp.cpp; name = Mpeg3.cpp; path = Aegis/Mpeg3.cpp; sourceTree = "<group>"; };
		2E334A084FFEF73A8CB42048 /* Console.cpp */ = {isa = PBXFileReference; lastKnownFileType = sourcecode.cpp.cpp; name = Console.cpp; path = Aegis/Console.cpp; sourceTree = "<group>"; };
		347B53F2D7C6DD24F297AA32 /* Aegis */ = {isa = PBXFileReference; explicitFileType = "compiled.mach-o.executable"; includeInIndex = 0; path = Aegis; sourceTree = BUILT_PRODUCTS_DIR; };
		36AF2F407F201372C3BEE580 /* Targa.cpp */ = {isa = PBXFileReference; lastKnownFileType = sourcecode.cpp.cpp; name = Targa.cpp; path = Aegis/Targa.cpp; sourceTree = "<group>"; };
		3932CFF0DC20F6A26B46D630 /* defs.h */ = {isa = PBXFileReference; lastKnownFileType = sourcecode.c.h; name = defs.h; path = Aegis/defs.h; sourceTree = "<group>"; };
		3A2A37D260506784C7575E12 /* BeamFX.h */ = {isa = PBXFileReference; lastKnownFileType = sourcecode.c.h; name = BeamFX.h; path = Aegis/BeamFX.h; sourceTree = "<group>"; };
		3ACEF70C8831ED3EFE50ED4C /* TextPanel.cpp */ = {isa = PBXFileReference; lastKnownFileType = sourcecode.cpp.cpp; name = TextPanel.cpp; path = Aegis/TextPanel.cpp; sourceTree = "<group>"; };
		3D7E75360BA1C8E892B01B76 /* RotatingEntity.h */ = {isa = PBXFileReference; lastKnownFileType = sourcecode.c.h; name = RotatingEntity.h; path = Aegis/RotatingEntity.h; sourceTree = "<group>"; };
		3E2AFEF65FF6AC289CABD536 /* TextPanel.h */ = {isa = PBXFileReference; lastKnownFileType = sourcecode.c.h; name = TextPanel.h; path = Aegis/TextPanel.h; sourceTree = "<group>"; };
		40F690980F19E44A962836D8 /* AssetManager.cpp */ = {isa = PBXFileReference; lastKnownFileType = sourcecode.cpp.cpp; name = AssetManager.cpp; path = Aegis/AssetManager.cpp; sourceTree = "<group>"; };
		4103482E72FC92E0ECDBCE6E /* Quaternion.cpp */ = {isa = PBXFileReference; lastKnownFileType = sourcecode.cpp.cpp; name = Quaternion.cpp; path = Aegis/Quaternion.cpp; sourceTree = "<group>"; };
		4128A37A583B3EAC485739BA /* Wad.cpp */ = {isa = PBXFileReference; lastKnownFileType = sourcecode.cpp.cpp; name = Wad.cpp; path = Aegis/Wad.cpp; sourceTree = "<group>"; };
		483B5E84DDB21DB64C4E74C4 /* loadtexture.cpp */ = {isa = PBXFileReference; lastKnownFileType = sourcecode.cpp.cpp; name = loadtexture.cpp; path = Aegis/loadtexture.cpp; sourceTree = "<group>"; };
		4CCF119A9A3207CC105107DA /* collision.cpp */ = {isa = PBXFileReference; lastKnownFileType = sourcecode.cpp.cpp; name = collision.cpp; path = Aegis/collision.cpp; sourceTree = "<group>"; };
		4DFEF0989B61E6CA1180E6D8 /* DecalEntity.h */ = {isa = PBXFileReference; lastKnownFileType = sourcecode.c.h; name = DecalEntity.h; path = Aegis/DecalEntity.h; sourceTree = "<group>"; };
		5000EEAE9D63E4E01382E4EE /* loadtexture.h */ = {isa = PBXFileReference; lastKnownFileType = sourcecode.c.h; name = loadtexture.h; path = Aegis/loadtexture.h; sourceTree = "<group>"; };
		5119A2408312ECF2FCF22880 /* PlayerEntity.h */ = {isa = PBXFileReference; lastKnownFileType = sourcecode.c.h; name = PlayerEntity.h; path = Aegis/PlayerEntity.h; sourceTree = "<group>"; };
		526AED1C15D6AECE547A535C /* BaseEntity.h */ = {isa = PBXFileReference; lastKnownFileType = sourcecode.c.h; name = BaseEntity.h; path = Aegis/BaseEntity.h; sourceTree = "<group>"; };
		52C5DF8674918CB8B146B5C6 /* GuiWindow.h */ = {isa = PBXFileReference; lastKnownFileType = sourcecode.c.h; name = GuiWindow.h; path = Aegis/GuiWindow.h; sourceTree = "<group>"; };
		53EA50287C2508DA63C09668 /* BSPMap.cpp */ = {isa = PBXFileReference; lastKnownFileType = sourcecode.cpp.cpp; name = BSPMap.cpp; path = Aegis/BSPMap.cpp; sourceTree = "<group>"; };
		5AE62772A3570BA4E7F5DDB2 /* Light.cpp */ = {isa = PBXFileReference; lastKnownFileType = sourcecode.cpp.cpp; name = Light.cpp; path = Aegis/Light.cpp; sourceTree = "<group>"; };
		65A8A52C7CBB405E6CD73B6C /* GUI.cpp */ = {isa = PBXFileReference; lastKnownFileType = sourcecode.cpp.cpp; name = GUI.cpp; path = Aegis/GUI.cpp; sourceTree = "<group>"; };
		681DD51E9A171FD013F65B5E /* TrueTypeFont.h */ = {isa = PBXFileReference; lastKnownFileType = sourcecode.c.h; name = TrueTypeFont.h; path = Aegis/TrueTypeFont.h; sourceTree = "<group>"; };
		6E3EB1DA112CD88CA052B81A /* Font.h */ = {isa = PBXFileReference; lastKnownFileType = sourcecode.c.h; name = Font.h; path = Aegis/Font.h; sourceTree = "<group>"; };
		7061097C3E845D2EC592AFBC /* AudioManager.cpp */ = {isa = PBXFileReference; lastKnownFileType = sourcecode.cpp.cpp; name = AudioManager.cpp; path = Aegis/AudioManager.cpp; sourceTree = "<group>"; };
		71445C0A3F67AFBCC676024A /* SpriteEntity.cpp */ = {isa = PBXFileReference; lastKnownFileType = sourcecode.cpp.cpp; name = SpriteEntity.cpp; path = Aegis/SpriteEntity.cpp; sourceTree = "<group>"; };
		73A5B26477168496F88328A4 /* Wad.h */ = {isa = PBXFileReference; lastKnownFileType = sourcecode.c.h; name = Wad.h; path = Aegis/Wad.h; sourceTree = "<group>"; };
		742A10BCBC9AF4EE0139C6FC /* Print.cpp */ = {isa = PBXFileReference; lastKnownFileType = sourcecode.cpp.cpp; name = Print.cpp; path = Aegis/Print.cpp; sourceTree = "<group>"; };
		764D3EF49C736EA6037A6534 /* SModel.h */ = {isa = PBXFileReference; lastKnownFileType = sourcecode.c.h; name = SModel.h; path = Aegis/SModel.h; sourceTree = "<group>"; };
		7C216124AE1AABD627F9E764 /* binaryloader.h */ = {isa = PBXFileReference; lastKnownFileType = sourcecode.c.h; name = binaryloader.h; path = Aegis/binaryloader.h; sourceTree = "<group>"; };
		82941A76A8BA4A280FC140B6 /* OpenGL.h */ = {isa = PBXFileReference; lastKnownFileType = sourcecode.c.h; name = OpenGL.h; path = Aegis/OpenGL.h; sourceTree = "<group>"; };
		82A374D0460F368284B2DB10 /* Renderer.cpp */ = {isa = PBXFileReference; lastKnownFileType = sourcecode.cpp.cpp; name = Renderer.cpp; path = Aegis/Renderer.cpp; sourceTree = "<group>"; };
		82EB7FF4CB5C64260FFB3634 /* Aegis.cpp */ = {isa = PBXFileReference; lastKnownFileType = sourcecode.cpp.cpp; name = Aegis.cpp; path = Aegis/Aegis.cpp; sourceTree = "<group>"; };
		8CB2206CB4ECD91E9C8866AC /* OpenGL.cpp */ = {isa = PBXFileReference; lastKnownFileType = sourcecode.cpp.cpp; name = OpenGL.cpp; path = Aegis/OpenGL.cpp; sourceTree = "<group>"; };
		8F5B4546C1548FF83B33CB86 /* AudioManager.h */ = {isa = PBXFileReference; lastKnownFileType = sourcecode.c.h; name = AudioManager.h; path = Aegis/AudioManager.h; sourceTree = "<group>"; };
		911D8156948E538815FAF796 /* GUI.h */ = {isa = PBXFileReference; lastKnownFileType = sourcecode.c.h; name = GUI.h; path = Aegis/GUI.h; sourceTree = "<group>"; };
		9300F48ADB71D8BC2010AACA /* Command.h */ = {isa = PBXFileReference; lastKnownFileType = sourcecode.c.h; name = Command.h; path = Aegis/Command.h; sourceTree = "<group>"; };
		96DD8CB275FAA6E4520402F2 /* IllusionaryEntity.cpp */ = {isa = PBXFileReference; lastKnownFileType = sourcecode.cpp.cpp; name = IllusionaryEntity.cpp; path = Aegis/IllusionaryEntity.cpp; sourceTree = "<group>"; };
		97F3E016E556D6485B75D656 /* mstudioload.h */ = {isa = PBXFileReference; lastKnownFileType = sourcecode.c.h; name = mstudioload.h; path = Aegis/mstudioload.h; sourceTree = "<group>"; };
		9A2C37F85D97F9AA9C3B9E38 /* Quaternion.h */ = {isa = PBXFileReference; lastKnownFileType = sourcecode.c.h; name = Quaternion.h; path = Aegis/Quaternion.h; sourceTree = "<group>"; };
		9BFD902AC43848DCABD3D66A /* SModel.cpp */ = {isa = PBXFileReference; lastKnownFileType = sourcecode.cpp.cpp; name = SModel.cpp; path = Aegis/SModel.cpp; sourceTree = "<group>"; };
		9D114714EA743D4660933D54 /* LaserEntity.h */ = {isa = PBXFileReference; lastKnownFileType = sourcecode.c.h; name = LaserEntity.h; path = Aegis/LaserEntity.h; sourceTree = "<group>"; };
		9E4D3694D04681464A25BCD4 /* SpriteEntity.h */ = {isa = PBXFileReference; lastKnownFileType = sourcecode.c.h; name = SpriteEntity.h; path = Aegis/SpriteEntity.h; sourceTree = "<group>"; };
		A0A5A4526EC8F804F5D74A92 /* BSPModelEntity.h */ = {isa = PBXFileReference; lastKnownFileType = sourcecode.c.h; name = BSPModelEntity.h; path = Aegis/BSPModelEntity.h; sourceTree = "<group>"; };
		A38B680666F729B8A59ACE46 /* WallEntity.h */ = {isa = PBXFileReference; lastKnownFileType = sourcecode.c.h; name = WallEntity.h; path = Aegis/WallEntity.h; sourceTree = "<group>"; };
		A7470114756A54C6FC78A754 /* libGLEW.2.2.0.dylib */ = {isa = PBXFileReference; lastKnownFileType = "compiled.mach-o.dylib"; path = libGLEW.2.2.0.dylib; sourceTree = SOURCE_ROOT; };
		A914B558F677AB8A6C96AB98 /* mathutils.cpp */ = {isa = PBXFileReference; lastKnownFileType = sourcecode.cpp.cpp; name = mathutils.cpp; path = Aegis/mathutils.cpp; sourceTree = "<group>"; };
		ABA8D03679CC23E800DA7676 /* PlayerEntity.cpp */ = {isa = PBXFileReference; lastKnownFileType = sourcecode.cpp.cpp; name = PlayerEntity.cpp; path = Aegis/PlayerEntity.cpp; sourceTree = "<group>"; };
		AD27DA547B4B2E0602598094 /* TrueTypeFont.cpp */ = {isa = PBXFileReference; lastKnownFileType = sourcecode.cpp.cpp; name = TrueTypeFont.cpp; path = Aegis/TrueTypeFont.cpp; sourceTree = "<group>"; };
		B620DE9ADE5B974CC5F724DA /* Renderer.h */ = {isa = PBXFileReference; lastKnownFileType = sourcecode.c.h; name = Renderer.h; path = Aegis/Renderer.h; sourceTree = "<group>"; };
		BA7136EC4FE7F61EBE844D2C /* mstudioload.cpp */ = {isa = PBXFileReference; lastKnownFileType = sourcecode.cpp.cpp; name = mstudioload.cpp; path = Aegis/mstudioload.cpp; sourceTree = "<group>"; };
		BAB770C2DC831DF419384702 /* mathutils.h */ = {isa = PBXFileReference; lastKnownFileType = sourcecode.c.h; name = mathutils.h; path = Aegis/mathutils.h; sourceTree = "<group>"; };
		BB158D9C087883CE7E9783DC /* GuiWindow.cpp */ = {isa = PBXFileReference; lastKnownFileType = sourcecode.cpp.cpp; name = GuiWindow.cpp; path = Aegis/GuiWindow.cpp; sourceTree = "<group>"; };
		BB8549E2ED7E9494675DD022 /* AssetManager.h */ = {isa = PBXFileReference; lastKnownFileType = sourcecode.c.h; name = AssetManager.h; path = Aegis/AssetManager.h; sourceTree = "<group>"; };
		BD1C9DFC52935D2EC12FB43C /* GruntEntity.cpp */ = {isa = PBXFileReference; lastKnownFileType = sourcecode.cpp.cpp; name = GruntEntity.cpp; path = Aegis/GruntEntity.cpp; sourceTree = "<group>"; };
		BF3115D654A7D508C3442C16 /* MonsterEntity.h */ = {isa = PBXFileReference; lastKnownFileType = sourcecode.c.h; name = MonsterEntity.h; path = Aegis/MonsterEntity.h; sourceTree = "<group>"; };
		BF973848E7D1F0FACF6D7E88 /* BeamFX.cpp */ = {isa = PBXFileReference; lastKnownFileType = sourcecode.cpp.cpp; name = BeamFX.cpp; path = Aegis/BeamFX.cpp; sourceTree = "<group>"; };
		C0DF1552E919CE04D0B55B92 /* Window.cpp */ = {isa = PBXFileReference; lastKnownFileType = sourcecode.cpp.cpp; name = Window.cpp; path = Aegis/Window.cpp; sourceTree = "<group>"; };
		C947A97CFB40F42E75202FBC /* WallEntity.cpp */ = {isa = PBXFileReference; lastKnownFileType = sourcecode.cpp.cpp; name = WallEntity.cpp; path = Aegis/WallEntity.cpp; sourceTree = "<group>"; };
		CEDB2E32174C12645BEAE472 /* Console.h */ = {isa = PBXFileReference; lastKnownFileType = sourcecode.c.h; name = Console.h; path = Aegis/Console.h; sourceTree = "<group>"; };
		CF3012D201295D847B089912 /* BaseEntity.cpp */ = {isa = PBXFileReference; lastKnownFileType = sourcecode.cpp.cpp; name = BaseEntity.cpp; path = Aegis/BaseEntity.cpp; sourceTree = "<group>"; };
		D027A5A2F8625E54DFFDEBE2 /* Skybox.cpp */ = {isa = PBXFileReference; lastKnownFileType = sourcecode.cpp.cpp; name = Skybox.cpp; path = Aegis/Skybox.cpp; sourceTree = "<group>"; };
		D3C75C9AA1EAB04C28F902DA /* binaryloader.cpp */ = {isa = PBXFileReference; lastKnownFileType = sourcecode.cpp.cpp; name = binaryloader.cpp; path = Aegis/binaryloader.cpp; sourceTree = "<group>"; };
		D57A376CB9C13F9E3DAE6DAC /* MonsterEntity.cpp */ = {isa = PBXFileReference; lastKnownFileType = sourcecode.cpp.cpp; name = MonsterEntity.cpp; path = Aegis/MonsterEntity.cpp; sourceTree = "<group>"; };
		D6E95160F8B4FE92356A27A0 /* Command.cpp */ = {isa = PBXFileReference; lastKnownFileType = sourcecode.cpp.cpp; name = Command.cpp; path = Aegis/Command.cpp; sourceTree = "<group>"; };
		D96E49A4F080E4D6E09CDFE4 /* Mpeg3.h */ = {isa = PBXFileReference; lastKnownFileType = sourcecode.c.h; name = Mpeg3.h; path = Aegis/Mpeg3.h; sourceTree = "<group>"; };
		DC01BA900227EA42692EE0D0 /* Font.cpp */ = {isa = PBXFileReference; lastKnownFileType = sourcecode.cpp.cpp; name = Font.cpp; path = Aegis/Font.cpp; sourceTree = "<group>"; };
		DCB14CB32CC7F7A0003312AC /* EntityBullet.h */ = {isa = PBXFileReference; lastKnownFileType = sourcecode.c.h; path = EntityBullet.h; sourceTree = "<group>"; };
		DCB14CB42CC7F7B8003312AC /* EntityBullet.cpp */ = {isa = PBXFileReference; lastKnownFileType = sourcecode.cpp.cpp; path = EntityBullet.cpp; sourceTree = "<group>"; };
		DFDF21262D421758A3611766 /* GruntEntity.h */ = {isa = PBXFileReference; lastKnownFileType = sourcecode.c.h; name = GruntEntity.h; path = Aegis/GruntEntity.h; sourceTree = "<group>"; };
		E05015A0833E3C5212641BE0 /* Game.h */ = {isa = PBXFileReference; lastKnownFileType = sourcecode.c.h; name = Game.h; path = Aegis/Game.h; sourceTree = "<group>"; };
		E0C4A51C06EAD4CE6DF1CB5C /* Window.h */ = {isa = PBXFileReference; lastKnownFileType = sourcecode.c.h; name = Window.h; path = Aegis/Window.h; sourceTree = "<group>"; };
		E30208F40B3CC1A6F2D84F34 /* Camera.cpp */ = {isa = PBXFileReference; lastKnownFileType = sourcecode.cpp.cpp; name = Camera.cpp; path = Aegis/Camera.cpp; sourceTree = "<group>"; };
		E526C130A89282E2E7362770 /* Waveform.cpp */ = {isa = PBXFileReference; lastKnownFileType = sourcecode.cpp.cpp; name = Waveform.cpp; path = Aegis/Waveform.cpp; sourceTree = "<group>"; };
		EDE5DFC8000FBC7A3400A608 /* BSPModelEntity.cpp */ = {isa = PBXFileReference; lastKnownFileType = sourcecode.cpp.cpp; name = BSPModelEntity.cpp; path = Aegis/BSPModelEntity.cpp; sourceTree = "<group>"; };
		EE23FC2605369758F5529266 /* Print.h */ = {isa = PBXFileReference; lastKnownFileType = sourcecode.c.h; name = Print.h; path = Aegis/Print.h; sourceTree = "<group>"; };
		F688C6FA1EC37FAC065F0D3A /* Waveform.h */ = {isa = PBXFileReference; lastKnownFileType = sourcecode.c.h; name = Waveform.h; path = Aegis/Waveform.h; sourceTree = "<group>"; };
		FD1C0C441EE7B9765B9CE284 /* collision.h */ = {isa = PBXFileReference; lastKnownFileType = sourcecode.c.h; name = collision.h; path = Aegis/collision.h; sourceTree = "<group>"; };
/* End PBXFileReference section */

/* Begin PBXFrameworksBuildPhase section */
		C20D20626E6FE0942CF856A2 /* Frameworks */ = {
			isa = PBXFrameworksBuildPhase;
			buildActionMask = 2147483647;
			files = (
				840EA602F136B474F2C9A442 /* OpenGL.framework in Frameworks */,
				FB994BAC9D82E79E94A9F9EC /* libGLEW.2.2.0.dylib in Frameworks */,
			);
			runOnlyForDeploymentPostprocessing = 0;
		};
/* End PBXFrameworksBuildPhase section */

/* Begin PBXGroup section */
		72B6E2090CD3567B590EA049 /* Aegis */ = {
			isa = PBXGroup;
			children = (
				C98A48C011FB2CF25699FF00 /* Header Files */,
				8F1EDA50D78FBE821C2E9090 /* Source Files */,
				BBF76781A7E87333FA200DC1 /* Frameworks */,
				A6C936B49B3FADE6EA134CF4 /* Products */,
			);
			name = Aegis;
			sourceTree = "<group>";
		};
		8F1EDA50D78FBE821C2E9090 /* Source Files */ = {
			isa = PBXGroup;
			children = (
				DCB14CB42CC7F7B8003312AC /* EntityBullet.cpp */,
				82EB7FF4CB5C64260FFB3634 /* Aegis.cpp */,
				40F690980F19E44A962836D8 /* AssetManager.cpp */,
				7061097C3E845D2EC592AFBC /* AudioManager.cpp */,
				53EA50287C2508DA63C09668 /* BSPMap.cpp */,
				EDE5DFC8000FBC7A3400A608 /* BSPModelEntity.cpp */,
				CF3012D201295D847B089912 /* BaseEntity.cpp */,
				BF973848E7D1F0FACF6D7E88 /* BeamFX.cpp */,
				E30208F40B3CC1A6F2D84F34 /* Camera.cpp */,
				D6E95160F8B4FE92356A27A0 /* Command.cpp */,
				2E334A084FFEF73A8CB42048 /* Console.cpp */,
				0519F02E9A90AF60092D066E /* DecalEntity.cpp */,
				DC01BA900227EA42692EE0D0 /* Font.cpp */,
				65A8A52C7CBB405E6CD73B6C /* GUI.cpp */,
				27EC1C964E124C48B51942D6 /* Game.cpp */,
				BD1C9DFC52935D2EC12FB43C /* GruntEntity.cpp */,
				BB158D9C087883CE7E9783DC /* GuiWindow.cpp */,
				96DD8CB275FAA6E4520402F2 /* IllusionaryEntity.cpp */,
				1BDFC52AB156845C1FF2DB6A /* LaserEntity.cpp */,
				5AE62772A3570BA4E7F5DDB2 /* Light.cpp */,
				0C2946A43463FF561BFF8CE4 /* Mat3x4.cpp */,
				D57A376CB9C13F9E3DAE6DAC /* MonsterEntity.cpp */,
				2A660D7A72D6F1ACB775C3BA /* Mpeg3.cpp */,
				8CB2206CB4ECD91E9C8866AC /* OpenGL.cpp */,
				ABA8D03679CC23E800DA7676 /* PlayerEntity.cpp */,
				742A10BCBC9AF4EE0139C6FC /* Print.cpp */,
				4103482E72FC92E0ECDBCE6E /* Quaternion.cpp */,
				82A374D0460F368284B2DB10 /* Renderer.cpp */,
				106FCE2C2299AADE568A946C /* RotatingEntity.cpp */,
				9BFD902AC43848DCABD3D66A /* SModel.cpp */,
				D027A5A2F8625E54DFFDEBE2 /* Skybox.cpp */,
				71445C0A3F67AFBCC676024A /* SpriteEntity.cpp */,
				36AF2F407F201372C3BEE580 /* Targa.cpp */,
				3ACEF70C8831ED3EFE50ED4C /* TextPanel.cpp */,
				AD27DA547B4B2E0602598094 /* TrueTypeFont.cpp */,
				4128A37A583B3EAC485739BA /* Wad.cpp */,
				C947A97CFB40F42E75202FBC /* WallEntity.cpp */,
				E526C130A89282E2E7362770 /* Waveform.cpp */,
				C0DF1552E919CE04D0B55B92 /* Window.cpp */,
				D3C75C9AA1EAB04C28F902DA /* binaryloader.cpp */,
				4CCF119A9A3207CC105107DA /* collision.cpp */,
				483B5E84DDB21DB64C4E74C4 /* loadtexture.cpp */,
				A914B558F677AB8A6C96AB98 /* mathutils.cpp */,
				BA7136EC4FE7F61EBE844D2C /* mstudioload.cpp */,
			);
			name = "Source Files";
			sourceTree = "<group>";
		};
		A6C936B49B3FADE6EA134CF4 /* Products */ = {
			isa = PBXGroup;
			children = (
				347B53F2D7C6DD24F297AA32 /* Aegis */,
			);
			name = Products;
			sourceTree = "<group>";
		};
		BBF76781A7E87333FA200DC1 /* Frameworks */ = {
			isa = PBXGroup;
			children = (
				19352E0A6698243CDCB7244A /* OpenGL.framework */,
				A7470114756A54C6FC78A754 /* libGLEW.2.2.0.dylib */,
			);
			name = Frameworks;
			sourceTree = "<group>";
		};
		C98A48C011FB2CF25699FF00 /* Header Files */ = {
			isa = PBXGroup;
			children = (
				DCB14CB32CC7F7A0003312AC /* EntityBullet.h */,
				BB8549E2ED7E9494675DD022 /* AssetManager.h */,
				8F5B4546C1548FF83B33CB86 /* AudioManager.h */,
				19461BB23F6C4B64A67341F2 /* BSPMap.h */,
				A0A5A4526EC8F804F5D74A92 /* BSPModelEntity.h */,
				526AED1C15D6AECE547A535C /* BaseEntity.h */,
				3A2A37D260506784C7575E12 /* BeamFX.h */,
				1DE55FFE440B8FB0AB12863E /* Camera.h */,
				9300F48ADB71D8BC2010AACA /* Command.h */,
				CEDB2E32174C12645BEAE472 /* Console.h */,
				4DFEF0989B61E6CA1180E6D8 /* DecalEntity.h */,
				6E3EB1DA112CD88CA052B81A /* Font.h */,
				911D8156948E538815FAF796 /* GUI.h */,
				E05015A0833E3C5212641BE0 /* Game.h */,
				DFDF21262D421758A3611766 /* GruntEntity.h */,
				52C5DF8674918CB8B146B5C6 /* GuiWindow.h */,
				1730535C5B44248E4F15A99C /* IllusionaryEntity.h */,
				9D114714EA743D4660933D54 /* LaserEntity.h */,
				2145069C3857A1CE28739CDC /* Light.h */,
				0415DBAE2A3C0B60914301EE /* Mat3x4.h */,
				BF3115D654A7D508C3442C16 /* MonsterEntity.h */,
				D96E49A4F080E4D6E09CDFE4 /* Mpeg3.h */,
				82941A76A8BA4A280FC140B6 /* OpenGL.h */,
				5119A2408312ECF2FCF22880 /* PlayerEntity.h */,
				EE23FC2605369758F5529266 /* Print.h */,
				9A2C37F85D97F9AA9C3B9E38 /* Quaternion.h */,
				B620DE9ADE5B974CC5F724DA /* Renderer.h */,
				3D7E75360BA1C8E892B01B76 /* RotatingEntity.h */,
				764D3EF49C736EA6037A6534 /* SModel.h */,
				1FD2B76C45F8E71EACFFDDAC /* Skybox.h */,
				9E4D3694D04681464A25BCD4 /* SpriteEntity.h */,
				0283792A1996145C09B20F6A /* Targa.h */,
				3E2AFEF65FF6AC289CABD536 /* TextPanel.h */,
				681DD51E9A171FD013F65B5E /* TrueTypeFont.h */,
				73A5B26477168496F88328A4 /* Wad.h */,
				A38B680666F729B8A59ACE46 /* WallEntity.h */,
				F688C6FA1EC37FAC065F0D3A /* Waveform.h */,
				E0C4A51C06EAD4CE6DF1CB5C /* Window.h */,
				7C216124AE1AABD627F9E764 /* binaryloader.h */,
				FD1C0C441EE7B9765B9CE284 /* collision.h */,
				3932CFF0DC20F6A26B46D630 /* defs.h */,
				5000EEAE9D63E4E01382E4EE /* loadtexture.h */,
				BAB770C2DC831DF419384702 /* mathutils.h */,
				97F3E016E556D6485B75D656 /* mstudioload.h */,
			);
			name = "Header Files";
			sourceTree = "<group>";
		};
/* End PBXGroup section */

/* Begin PBXNativeTarget section */
		704F7598C2D5A08A951A03D8 /* Aegis */ = {
			isa = PBXNativeTarget;
			buildConfigurationList = B04868C15CAB28F31B339F01 /* Build configuration list for PBXNativeTarget "Aegis" */;
			buildPhases = (
				31F4A102DE5761349CDFD742 /* Resources */,
				9BA1BA5948047A8B068CF099 /* Sources */,
				C20D20626E6FE0942CF856A2 /* Frameworks */,
				4FA2114E9FB5A6002233D78E /* Embed Libraries */,
			);
			buildRules = (
			);
			dependencies = (
			);
			name = Aegis;
			productInstallPath = "$(HOME)/bin";
			productName = Aegis;
			productReference = 347B53F2D7C6DD24F297AA32 /* Aegis */;
			productType = "com.apple.product-type.tool";
		};
/* End PBXNativeTarget section */

/* Begin PBXProject section */
		08FB7793FE84155DC02AAC07 /* Project object */ = {
			isa = PBXProject;
			attributes = {
			};
			buildConfigurationList = 1DEB928908733DD80010E9CD /* Build configuration list for PBXProject "Aegis" */;
			compatibilityVersion = "Xcode 3.2";
			developmentRegion = en;
			hasScannedForEncodings = 1;
			knownRegions = (
				en,
				Base,
			);
			mainGroup = 72B6E2090CD3567B590EA049 /* Aegis */;
			projectDirPath = "";
			projectRoot = "";
			targets = (
				704F7598C2D5A08A951A03D8 /* Aegis */,
			);
		};
/* End PBXProject section */

/* Begin PBXResourcesBuildPhase section */
		31F4A102DE5761349CDFD742 /* Resources */ = {
			isa = PBXResourcesBuildPhase;
			buildActionMask = 2147483647;
			files = (
			);
			runOnlyForDeploymentPostprocessing = 0;
		};
/* End PBXResourcesBuildPhase section */

/* Begin PBXSourcesBuildPhase section */
		9BA1BA5948047A8B068CF099 /* Sources */ = {
			isa = PBXSourcesBuildPhase;
			buildActionMask = 2147483647;
			files = (
				D619F10CCFDBAD7E09DAAF4C /* Aegis.cpp in Sources */,
				29BAAEF0CBA44AE2C2CB5D30 /* AssetManager.cpp in Sources */,
				196B3014BB54CC06B27BDE54 /* AudioManager.cpp in Sources */,
				1B989D808CBB3E724281EBC0 /* BSPMap.cpp in Sources */,
				DDF60F2052505412D033DD60 /* BSPModelEntity.cpp in Sources */,
				DA9C6BCA3201DEBCE40FFA0A /* BaseEntity.cpp in Sources */,
				A77F97A018A23892CE68E5E0 /* BeamFX.cpp in Sources */,
				4A6E190CBB90B9FE7157674C /* Camera.cpp in Sources */,
				FCF3693841420EAA83694778 /* Command.cpp in Sources */,
				96F00860DB3EADD21D65E6A0 /* Console.cpp in Sources */,
				BC9625E683241D58F1264426 /* DecalEntity.cpp in Sources */,
				C8470C68F92B045A0C433AA8 /* Font.cpp in Sources */,
				181BBFC4735D133646B75E04 /* GUI.cpp in Sources */,
				CB094DCEFBED45C00F057C0E /* Game.cpp in Sources */,
				2768B594EDF6AD065BF8D3D4 /* GruntEntity.cpp in Sources */,
				F0CAC1345DF2CFA65F85BF74 /* GuiWindow.cpp in Sources */,
				2478FEAA3103B11CABE87CEA /* IllusionaryEntity.cpp in Sources */,
				B92A64A27FB85C14EDBA82E2 /* LaserEntity.cpp in Sources */,
				57B1C96A517385DC8B7287AA /* Light.cpp in Sources */,
				BFB549BC30D7EAAEE69E97FC /* Mat3x4.cpp in Sources */,
				90E8FC0453A95C76B0DE3A44 /* MonsterEntity.cpp in Sources */,
				BB332BF2B4F4E864EEF3EA32 /* Mpeg3.cpp in Sources */,
				89478404FA6A24F6B030D244 /* OpenGL.cpp in Sources */,
				7F00D36E20EA6F60181181AE /* PlayerEntity.cpp in Sources */,
				0CEA4A5406AC06C640AB0894 /* Print.cpp in Sources */,
				250724E67C6C97D82E7AB326 /* Quaternion.cpp in Sources */,
				FE28F6A890B6C09AF98F64E8 /* Renderer.cpp in Sources */,
				6A11A5C4DE6BEAB65C4F7404 /* RotatingEntity.cpp in Sources */,
				40C956A2B1EBF79467B2A4E2 /* SModel.cpp in Sources */,
				3D439F9AAE66408C642CEDDA /* Skybox.cpp in Sources */,
				9589EE8237738A742E9A9CC2 /* SpriteEntity.cpp in Sources */,
				9EFB1F1898BCDB8AD2BBDD58 /* Targa.cpp in Sources */,
				1CA789A489CF98168B6287E4 /* TextPanel.cpp in Sources */,
				3FC2AA6CE1AC465ED8D358AC /* TrueTypeFont.cpp in Sources */,
				B01677F20B57CB64DEB21632 /* Wad.cpp in Sources */,
				1B4B021472B0750624BE9054 /* WallEntity.cpp in Sources */,
				DCF079086F7E42FAD856E748 /* Waveform.cpp in Sources */,
				A7EF224A1911C33CCED8708A /* Window.cpp in Sources */,
				DCB14CB52CC7F7B8003312AC /* EntityBullet.cpp in Sources */,
				D1CF601273B8FC046AE00E52 /* binaryloader.cpp in Sources */,
				C5AB361232D3448434663452 /* collision.cpp in Sources */,
				42ED0A9C097B020E777D28DC /* loadtexture.cpp in Sources */,
				D2DFE6B04007F522419AE4F0 /* mathutils.cpp in Sources */,
				51AAC5841838BCF6863AE3C4 /* mstudioload.cpp in Sources */,
			);
			runOnlyForDeploymentPostprocessing = 0;
		};
/* End PBXSourcesBuildPhase section */

/* Begin XCBuildConfiguration section */
		0E9794F2B1E31E24CCB3EB32 /* Release */ = {
			isa = XCBuildConfiguration;
			buildSettings = {
				CLANG_CXX_LANGUAGE_STANDARD = "c++1z";
				CONFIGURATION_BUILD_DIR = "$(SYMROOT)";
				CONFIGURATION_TEMP_DIR = "$(OBJROOT)";
				GCC_OPTIMIZATION_LEVEL = 3;
				GCC_PREPROCESSOR_DEFINITIONS = (
					NDEBUG,
					GLEW_STATIC,
					MACOS,
				);
				GCC_SYMBOLS_PRIVATE_EXTERN = NO;
				GCC_WARN_ABOUT_RETURN_TYPE = YES;
				GCC_WARN_UNUSED_VARIABLE = YES;
				LIBRARY_SEARCH_PATHS = (
					/opt/homebrew/Cellar/glfw/3.4/lib,
					/opt/homebrew/Cellar/glew/2.2.0_1/lib,
					/opt/homebrew/Cellar/sfml/2.6.1/lib,
				);
				OBJROOT = obj/Mac/Release;
				ONLY_ACTIVE_ARCH = NO;
				OTHER_LDFLAGS = (
					"-lglfw",
					"-lsfml-system",
					"-lsfml-audio",
					"-lsfml-graphics",
					"-lsfml-network",
					"-lsfml-window",
				);
				SYMROOT = bin/Mac/Release;
				USER_HEADER_SEARCH_PATHS = "lib/glfw/include lib/glew/include lib/SFML/include lib/glm";
			};
			name = Release;
		};
		0F11ACB85F25416AE1A372F8 /* Debug */ = {
			isa = XCBuildConfiguration;
			buildSettings = {
				CLANG_CXX_LANGUAGE_STANDARD = "c++1z";
				CONFIGURATION_BUILD_DIR = "$(SYMROOT)";
				CONFIGURATION_TEMP_DIR = "$(OBJROOT)";
				COPY_PHASE_STRIP = NO;
				GCC_ENABLE_FIX_AND_CONTINUE = YES;
				GCC_OPTIMIZATION_LEVEL = 0;
				GCC_PREPROCESSOR_DEFINITIONS = (
					DEBUG,
					GLEW_STATIC,
					MACOS,
				);
				GCC_SYMBOLS_PRIVATE_EXTERN = NO;
				GCC_WARN_ABOUT_RETURN_TYPE = YES;
				GCC_WARN_UNUSED_VARIABLE = YES;
				LIBRARY_SEARCH_PATHS = (
					/opt/homebrew/Cellar/glfw/3.4/lib,
					/opt/homebrew/Cellar/glew/2.2.0_1/lib,
					/opt/homebrew/Cellar/sfml/2.6.1/lib,
				);
				OBJROOT = obj/Mac/Debug;
				ONLY_ACTIVE_ARCH = YES;
				OTHER_LDFLAGS = (
					"-lglfw",
					"-lsfml-system",
					"-lsfml-audio",
					"-lsfml-graphics",
					"-lsfml-network",
					"-lsfml-window",
				);
				SYMROOT = bin/Mac/Debug;
				USER_HEADER_SEARCH_PATHS = "lib/glfw/include lib/glew/include lib/SFML/include lib/glm";
			};
			name = Debug;
		};
		168EA7072DA142391DBD3D47 /* Debug */ = {
			isa = XCBuildConfiguration;
			buildSettings = {
				ALWAYS_SEARCH_USER_PATHS = NO;
				CLANG_CXX_LANGUAGE_STANDARD = "c++17";
				CONFIGURATION_BUILD_DIR = bin/Mac/Debug;
				DEBUG_INFORMATION_FORMAT = "dwarf-with-dsym";
				GCC_DYNAMIC_NO_PIC = NO;
				HEADER_SEARCH_PATHS = (
					lib/glfw/include,
					lib/glew/include,
					lib/SFML/include,
					lib/glm,
				);
				INSTALL_PATH = /usr/local/bin;
				PRODUCT_NAME = Aegis;
				USER_HEADER_SEARCH_PATHS = "";
			};
			name = Debug;
		};
		3B979FC161BDCF73C8C4C601 /* Release */ = {
			isa = XCBuildConfiguration;
			buildSettings = {
				ALWAYS_SEARCH_USER_PATHS = NO;
				CLANG_CXX_LANGUAGE_STANDARD = "c++17";
				CONFIGURATION_BUILD_DIR = bin/Mac/Release;
				DEBUG_INFORMATION_FORMAT = "dwarf-with-dsym";
				GCC_DYNAMIC_NO_PIC = NO;
				HEADER_SEARCH_PATHS = (
					lib/glfw/include,
					lib/glew/include,
					lib/SFML/include,
					lib/glm,
				);
				INSTALL_PATH = /usr/local/bin;
				PRODUCT_NAME = Aegis;
				USER_HEADER_SEARCH_PATHS = "";
			};
			name = Release;
		};
/* End XCBuildConfiguration section */

/* Begin XCConfigurationList section */
		1DEB928908733DD80010E9CD /* Build configuration list for PBXProject "Aegis" */ = {
			isa = XCConfigurationList;
			buildConfigurations = (
				0F11ACB85F25416AE1A372F8 /* Debug */,
				0F11ACB85F25416AE1A372F8 /* Debug */,
				0F11ACB85F25416AE1A372F8 /* Debug */,
				0E9794F2B1E31E24CCB3EB32 /* Release */,
				0E9794F2B1E31E24CCB3EB32 /* Release */,
				0E9794F2B1E31E24CCB3EB32 /* Release */,
			);
			defaultConfigurationIsVisible = 0;
			defaultConfigurationName = Debug;
		};
		B04868C15CAB28F31B339F01 /* Build configuration list for PBXNativeTarget "Aegis" */ = {
			isa = XCConfigurationList;
			buildConfigurations = (
				168EA7072DA142391DBD3D47 /* Debug */,
				168EA7072DA142391DBD3D47 /* Debug */,
				168EA7072DA142391DBD3D47 /* Debug */,
				3B979FC161BDCF73C8C4C601 /* Release */,
				3B979FC161BDCF73C8C4C601 /* Release */,
				3B979FC161BDCF73C8C4C601 /* Release */,
			);
			defaultConfigurationIsVisible = 0;
			defaultConfigurationName = Debug;
		};
/* End XCConfigurationList section */
	};
	rootObject = 08FB7793FE84155DC02AAC07 /* Project object */;
}
