// !$*UTF8*$!
{
	archiveVersion = 1;
	classes = {
	};
	objectVersion = 46;
	objects = {

/* Begin PBXBuildFile section */
		6037578A4B237D7C930945CA /* brush.c in Sources */ = {isa = PBXBuildFile; fileRef = 31A2E812D5F585C4E82DCE52 /* brush.c */; };
		60FC8F84F6734EB6650FA5C4 /* textfile.c in Sources */ = {isa = PBXBuildFile; fileRef = E15208EC10E3D7DEEBF1172C /* textfile.c */; };
		6DB6EAAA9FB0355C198F70EA /* polygon.c in Sources */ = {isa = PBXBuildFile; fileRef = CFDFD3B2266D3E24FEE651F2 /* polygon.c */; };
		78667B8C71CC7CFE6567D9CC /* main.c in Sources */ = {isa = PBXBuildFile; fileRef = 6E0F7DF4115B07262C2BD434 /* main.c */; };
		B5D7FC60033AF2927959F2A0 /* vector.c in Sources */ = {isa = PBXBuildFile; fileRef = 07619008F24DB5FA3A337E48 /* vector.c */; };
		C95F11C88CCAD37ACB6E7808 /* gfile.c in Sources */ = {isa = PBXBuildFile; fileRef = 87D1A5F08137A76274D30430 /* gfile.c */; };
		D6291EBE05BAEDB0E0C82CFE /* mapfile.c in Sources */ = {isa = PBXBuildFile; fileRef = 9E9EA806418CCEB8D0B2AE46 /* mapfile.c */; };
		DC1CA6C92C93A1B2001CF19A /* hullspec.c in Sources */ = {isa = PBXBuildFile; fileRef = DC1CA6C82C93A1B2001CF19A /* hullspec.c */; };
/* End PBXBuildFile section */

/* Begin PBXCopyFilesBuildPhase section */
		24C407C12834D9F3A9A17E01 /* Embed Libraries */ = {
			isa = PBXCopyFilesBuildPhase;
			buildActionMask = 2147483647;
			dstPath = "";
			dstSubfolderSpec = 10;
			files = (
			);
			name = "Embed Libraries";
			runOnlyForDeploymentPostprocessing = 0;
		};
/* End PBXCopyFilesBuildPhase section */

/* Begin PBXFileReference section */
		07619008F24DB5FA3A337E48 /* vector.c */ = {isa = PBXFileReference; lastKnownFileType = sourcecode.c.c; name = vector.c; path = ../common/vector.c; sourceTree = "<group>"; };
		121E5DB012D15AA286B32BF0 /* defs.h */ = {isa = PBXFileReference; lastKnownFileType = sourcecode.c.h; name = defs.h; path = ../common/defs.h; sourceTree = "<group>"; };
		124B5CF2FD3782E4451D4B32 /* vector.h */ = {isa = PBXFileReference; lastKnownFileType = sourcecode.c.h; name = vector.h; path = ../common/vector.h; sourceTree = "<group>"; };
		2CB3ED3C834157AE5BBA6B7C /* polygon.h */ = {isa = PBXFileReference; lastKnownFileType = sourcecode.c.h; name = polygon.h; path = ../common/polygon.h; sourceTree = "<group>"; };
		31A2E812D5F585C4E82DCE52 /* brush.c */ = {isa = PBXFileReference; lastKnownFileType = sourcecode.c.c; path = brush.c; sourceTree = "<group>"; };
		4567CD30E855F3E2777BD370 /* mapfile.h */ = {isa = PBXFileReference; lastKnownFileType = sourcecode.c.h; path = mapfile.h; sourceTree = "<group>"; };
		6E0F7DF4115B07262C2BD434 /* main.c */ = {isa = PBXFileReference; lastKnownFileType = sourcecode.c.c; path = main.c; sourceTree = "<group>"; };
		6F071FFC1359BDAE2592063C /* brush.h */ = {isa = PBXFileReference; lastKnownFileType = sourcecode.c.h; path = brush.h; sourceTree = "<group>"; };
		71383A3A6A9E3BAC5E39987A /* gfile.h */ = {isa = PBXFileReference; lastKnownFileType = sourcecode.c.h; name = gfile.h; path = ../common/gfile.h; sourceTree = "<group>"; };
		87D1A5F08137A76274D30430 /* gfile.c */ = {isa = PBXFileReference; lastKnownFileType = sourcecode.c.c; name = gfile.c; path = ../common/gfile.c; sourceTree = "<group>"; };
		93C897ECEA56025EC2CF162C /* mapdefs.h */ = {isa = PBXFileReference; lastKnownFileType = sourcecode.c.h; name = mapdefs.h; path = ../common/mapdefs.h; sourceTree = "<group>"; };
		9E9EA806418CCEB8D0B2AE46 /* mapfile.c */ = {isa = PBXFileReference; lastKnownFileType = sourcecode.c.c; path = mapfile.c; sourceTree = "<group>"; };
		CD5A0316FCEBD208D7F91156 /* textfile.h */ = {isa = PBXFileReference; lastKnownFileType = sourcecode.c.h; name = textfile.h; path = ../common/textfile.h; sourceTree = "<group>"; };
		CFDFD3B2266D3E24FEE651F2 /* polygon.c */ = {isa = PBXFileReference; lastKnownFileType = sourcecode.c.c; name = polygon.c; path = ../common/polygon.c; sourceTree = "<group>"; };
		D9F4B3257CE2D9D70C08B965 /* Brushstroke */ = {isa = PBXFileReference; explicitFileType = "compiled.mach-o.executable"; includeInIndex = 0; path = Brushstroke; sourceTree = BUILT_PRODUCTS_DIR; };
		DC1CA6C72C93A1B2001CF19A /* hullspec.h */ = {isa = PBXFileReference; lastKnownFileType = sourcecode.c.h; path = hullspec.h; sourceTree = "<group>"; };
		DC1CA6C82C93A1B2001CF19A /* hullspec.c */ = {isa = PBXFileReference; lastKnownFileType = sourcecode.c.c; path = hullspec.c; sourceTree = "<group>"; };
		E15208EC10E3D7DEEBF1172C /* textfile.c */ = {isa = PBXFileReference; lastKnownFileType = sourcecode.c.c; name = textfile.c; path = ../common/textfile.c; sourceTree = "<group>"; };
/* End PBXFileReference section */

/* Begin PBXFrameworksBuildPhase section */
		D948DE157D9B7BC78FD3C455 /* Frameworks */ = {
			isa = PBXFrameworksBuildPhase;
			buildActionMask = 2147483647;
			files = (
			);
			runOnlyForDeploymentPostprocessing = 0;
		};
/* End PBXFrameworksBuildPhase section */

/* Begin PBXGroup section */
		9660399A39ABC2CC547C8FDA /* common */ = {
			isa = PBXGroup;
			children = (
				121E5DB012D15AA286B32BF0 /* defs.h */,
				87D1A5F08137A76274D30430 /* gfile.c */,
				71383A3A6A9E3BAC5E39987A /* gfile.h */,
				93C897ECEA56025EC2CF162C /* mapdefs.h */,
				CFDFD3B2266D3E24FEE651F2 /* polygon.c */,
				2CB3ED3C834157AE5BBA6B7C /* polygon.h */,
				E15208EC10E3D7DEEBF1172C /* textfile.c */,
				CD5A0316FCEBD208D7F91156 /* textfile.h */,
				07619008F24DB5FA3A337E48 /* vector.c */,
				124B5CF2FD3782E4451D4B32 /* vector.h */,
			);
			name = common;
			sourceTree = "<group>";
		};
		A6C936B49B3FADE6EA134CF4 /* Products */ = {
			isa = PBXGroup;
			children = (
				D9F4B3257CE2D9D70C08B965 /* Brushstroke */,
			);
			name = Products;
			sourceTree = "<group>";
		};
		F2ACF31C5CBF750EF5EA615C /* Brushstroke */ = {
			isa = PBXGroup;
			children = (
				DC1CA6C72C93A1B2001CF19A /* hullspec.h */,
				DC1CA6C82C93A1B2001CF19A /* hullspec.c */,
				31A2E812D5F585C4E82DCE52 /* brush.c */,
				6F071FFC1359BDAE2592063C /* brush.h */,
				9660399A39ABC2CC547C8FDA /* common */,
				6E0F7DF4115B07262C2BD434 /* main.c */,
				9E9EA806418CCEB8D0B2AE46 /* mapfile.c */,
				4567CD30E855F3E2777BD370 /* mapfile.h */,
				A6C936B49B3FADE6EA134CF4 /* Products */,
			);
			name = Brushstroke;
			sourceTree = "<group>";
		};
/* End PBXGroup section */

/* Begin PBXNativeTarget section */
		E9B03A6B5B3B52DD0A3C78AB /* Brushstroke */ = {
			isa = PBXNativeTarget;
			buildConfigurationList = C78426746BD6C4267E0F0CB4 /* Build configuration list for PBXNativeTarget "Brushstroke" */;
			buildPhases = (
				49305EB5ED82FC67FFBB44F5 /* Resources */,
				B2DD780C573015BE69685E4C /* Sources */,
				D948DE157D9B7BC78FD3C455 /* Frameworks */,
				24C407C12834D9F3A9A17E01 /* Embed Libraries */,
			);
			buildRules = (
			);
			dependencies = (
			);
			name = Brushstroke;
			productInstallPath = "$(HOME)/bin";
			productName = Brushstroke;
			productReference = D9F4B3257CE2D9D70C08B965 /* Brushstroke */;
			productType = "com.apple.product-type.tool";
		};
/* End PBXNativeTarget section */

/* Begin PBXProject section */
		08FB7793FE84155DC02AAC07 /* Project object */ = {
			isa = PBXProject;
			attributes = {
			};
			buildConfigurationList = 1DEB928908733DD80010E9CD /* Build configuration list for PBXProject "Brushstroke" */;
			compatibilityVersion = "Xcode 3.2";
			developmentRegion = en;
			hasScannedForEncodings = 1;
			knownRegions = (
				en,
				Base,
			);
			mainGroup = F2ACF31C5CBF750EF5EA615C /* Brushstroke */;
			projectDirPath = "";
			projectRoot = "";
			targets = (
				E9B03A6B5B3B52DD0A3C78AB /* Brushstroke */,
			);
		};
/* End PBXProject section */

/* Begin PBXResourcesBuildPhase section */
		49305EB5ED82FC67FFBB44F5 /* Resources */ = {
			isa = PBXResourcesBuildPhase;
			buildActionMask = 2147483647;
			files = (
			);
			runOnlyForDeploymentPostprocessing = 0;
		};
/* End PBXResourcesBuildPhase section */

/* Begin PBXSourcesBuildPhase section */
		B2DD780C573015BE69685E4C /* Sources */ = {
			isa = PBXSourcesBuildPhase;
			buildActionMask = 2147483647;
			files = (
				6037578A4B237D7C930945CA /* brush.c in Sources */,
				C95F11C88CCAD37ACB6E7808 /* gfile.c in Sources */,
				6DB6EAAA9FB0355C198F70EA /* polygon.c in Sources */,
				DC1CA6C92C93A1B2001CF19A /* hullspec.c in Sources */,
				60FC8F84F6734EB6650FA5C4 /* textfile.c in Sources */,
				B5D7FC60033AF2927959F2A0 /* vector.c in Sources */,
				78667B8C71CC7CFE6567D9CC /* main.c in Sources */,
				D6291EBE05BAEDB0E0C82CFE /* mapfile.c in Sources */,
			);
			runOnlyForDeploymentPostprocessing = 0;
		};
/* End PBXSourcesBuildPhase section */

/* Begin XCBuildConfiguration section */
		87C1893AAFFC41EC9797CF7A /* Debug */ = {
			isa = XCBuildConfiguration;
			buildSettings = {
				ALWAYS_SEARCH_USER_PATHS = NO;
				CONFIGURATION_BUILD_DIR = bin/Debug;
				DEBUG_INFORMATION_FORMAT = "dwarf-with-dsym";
				GCC_DYNAMIC_NO_PIC = NO;
				INSTALL_PATH = /usr/local/bin;
				PRODUCT_NAME = Brushstroke;
			};
			name = Debug;
		};
		B410F42556FF1AD7E624FA65 /* Release */ = {
			isa = XCBuildConfiguration;
			buildSettings = {
				ARCHS = "$(NATIVE_ARCH_ACTUAL)";
				CONFIGURATION_BUILD_DIR = "$(SYMROOT)";
				CONFIGURATION_TEMP_DIR = "$(OBJROOT)";
				GCC_C_LANGUAGE_STANDARD = "compiler-default";
				GCC_OPTIMIZATION_LEVEL = 3;
				GCC_PREPROCESSOR_DEFINITIONS = NDEBUG;
				GCC_SYMBOLS_PRIVATE_EXTERN = NO;
				GCC_WARN_ABOUT_RETURN_TYPE = YES;
				GCC_WARN_UNUSED_VARIABLE = YES;
				OBJROOT = obj/Release;
				ONLY_ACTIVE_ARCH = NO;
				SYMROOT = bin/Release;
			};
			name = Release;
		};
		C50BDAB4E6D787E6238CB0F4 /* Release */ = {
			isa = XCBuildConfiguration;
			buildSettings = {
				ALWAYS_SEARCH_USER_PATHS = NO;
				CONFIGURATION_BUILD_DIR = bin/Release;
				DEBUG_INFORMATION_FORMAT = "dwarf-with-dsym";
				GCC_DYNAMIC_NO_PIC = NO;
				INSTALL_PATH = /usr/local/bin;
				PRODUCT_NAME = Brushstroke;
			};
			name = Release;
		};
		E433A32BE7A4755D6911196B /* Debug */ = {
			isa = XCBuildConfiguration;
			buildSettings = {
				ARCHS = "$(NATIVE_ARCH_ACTUAL)";
				CONFIGURATION_BUILD_DIR = "$(SYMROOT)";
				CONFIGURATION_TEMP_DIR = "$(OBJROOT)";
				COPY_PHASE_STRIP = NO;
				GCC_C_LANGUAGE_STANDARD = "compiler-default";
				GCC_ENABLE_FIX_AND_CONTINUE = YES;
				GCC_OPTIMIZATION_LEVEL = 0;
				GCC_PREPROCESSOR_DEFINITIONS = DEBUG;
				GCC_SYMBOLS_PRIVATE_EXTERN = NO;
				GCC_WARN_ABOUT_RETURN_TYPE = YES;
				GCC_WARN_UNUSED_VARIABLE = YES;
				OBJROOT = obj/Debug;
				ONLY_ACTIVE_ARCH = YES;
				SYMROOT = bin/Debug;
			};
			name = Debug;
		};
/* End XCBuildConfiguration section */

/* Begin XCConfigurationList section */
		1DEB928908733DD80010E9CD /* Build configuration list for PBXProject "Brushstroke" */ = {
			isa = XCConfigurationList;
			buildConfigurations = (
				E433A32BE7A4755D6911196B /* Debug */,
				B410F42556FF1AD7E624FA65 /* Release */,
			);
			defaultConfigurationIsVisible = 0;
			defaultConfigurationName = Debug;
		};
		C78426746BD6C4267E0F0CB4 /* Build configuration list for PBXNativeTarget "Brushstroke" */ = {
			isa = XCConfigurationList;
			buildConfigurations = (
				87C1893AAFFC41EC9797CF7A /* Debug */,
				C50BDAB4E6D787E6238CB0F4 /* Release */,
			);
			defaultConfigurationIsVisible = 0;
			defaultConfigurationName = Debug;
		};
/* End XCConfigurationList section */
	};
	rootObject = 08FB7793FE84155DC02AAC07 /* Project object */;
}
